// !$*UTF8*$!
{
	archiveVersion = 1;
	classes = {
	};
	objectVersion = 46;
	objects = {

/* Begin PBXBuildFile section */
		2F0976751D62F8CC0069E8F5 /* libsqlite3.tbd in Frameworks */ = {isa = PBXBuildFile; fileRef = 2F1E9B841D5CAF4600857B79 /* libsqlite3.tbd */; };
		2F20DE1E1D6B122C00D4C88F /* Books.sqlite in Resources */ = {isa = PBXBuildFile; fileRef = 2F20DE1C1D6B122C00D4C88F /* Books.sqlite */; };
		2F20DE241D6B124500D4C88F /* ViewController.m in Sources */ = {isa = PBXBuildFile; fileRef = 2F20DE211D6B124500D4C88F /* ViewController.m */; };
		2F20DE251D6B124500D4C88F /* Book.m in Sources */ = {isa = PBXBuildFile; fileRef = 2F20DE231D6B124500D4C88F /* Book.m */; };
		2F20DE271D6B1A9200D4C88F /* Read.xml in Resources */ = {isa = PBXBuildFile; fileRef = 2F20DE261D6B1A9200D4C88F /* Read.xml */; };
		2F2A9F501D6AC28300D6BCAD /* Main.storyboard in Resources */ = {isa = PBXBuildFile; fileRef = 2F2A9F4F1D6AC28300D6BCAD /* Main.storyboard */; };
		2F3E8D981D6C358C00937489 /* MapKit.framework in Frameworks */ = {isa = PBXBuildFile; fileRef = 2F3E8D971D6C358C00937489 /* MapKit.framework */; };
		2F3E8DA01D6C397000937489 /* CoreLocation.framework in Frameworks */ = {isa = PBXBuildFile; fileRef = 2F3E8D9F1D6C397000937489 /* CoreLocation.framework */; };
		2F3E8DA21D6C459200937489 /* MobileCoreServices.framework in Frameworks */ = {isa = PBXBuildFile; fileRef = 2F3E8DA11D6C459200937489 /* MobileCoreServices.framework */; };
		2F3E8DA41D6C57C200937489 /* user.jpg in Resources */ = {isa = PBXBuildFile; fileRef = 2F3E8DA31D6C57C200937489 /* user.jpg */; };
		2F629E061D7011F30080527C /* Books.xml in Resources */ = {isa = PBXBuildFile; fileRef = 2F629E051D7011F30080527C /* Books.xml */; };
		2F629E281D704B550080527C /* New.xml in Resources */ = {isa = PBXBuildFile; fileRef = 2F629E271D704B550080527C /* New.xml */; };
		2F629E361D704C750080527C /* FMDatabase.m in Sources */ = {isa = PBXBuildFile; fileRef = 2F629E2A1D704C750080527C /* FMDatabase.m */; };
		2F629E371D704C750080527C /* FMDatabaseAdditions.m in Sources */ = {isa = PBXBuildFile; fileRef = 2F629E2C1D704C750080527C /* FMDatabaseAdditions.m */; };
		2F629E381D704C750080527C /* FMDatabasePool.m in Sources */ = {isa = PBXBuildFile; fileRef = 2F629E2E1D704C750080527C /* FMDatabasePool.m */; };
		2F629E391D704C750080527C /* FMDatabaseQueue.m in Sources */ = {isa = PBXBuildFile; fileRef = 2F629E301D704C750080527C /* FMDatabaseQueue.m */; };
		2F629E3B1D704C750080527C /* FMResultSet.m in Sources */ = {isa = PBXBuildFile; fileRef = 2F629E331D704C750080527C /* FMResultSet.m */; };
		2F629E3C1D704C750080527C /* SQLiteManager.m in Sources */ = {isa = PBXBuildFile; fileRef = 2F629E351D704C750080527C /* SQLiteManager.m */; };
		2F629E471D704CA10080527C /* XMLReader.m in Sources */ = {isa = PBXBuildFile; fileRef = 2F629E441D704CA10080527C /* XMLReader.m */; };
		2F629E481D704CA10080527C /* XMLWriter.m in Sources */ = {isa = PBXBuildFile; fileRef = 2F629E461D704CA10080527C /* XMLWriter.m */; };
		2F629E5C1D704E580080527C /* AFHTTPClient.m in Sources */ = {isa = PBXBuildFile; fileRef = 2F629E4C1D704E570080527C /* AFHTTPClient.m */; };
		2F629E5D1D704E580080527C /* AFHTTPRequestOperation.m in Sources */ = {isa = PBXBuildFile; fileRef = 2F629E4E1D704E570080527C /* AFHTTPRequestOperation.m */; };
		2F629E5E1D704E580080527C /* AFImageRequestOperation.m in Sources */ = {isa = PBXBuildFile; fileRef = 2F629E501D704E570080527C /* AFImageRequestOperation.m */; };
		2F629E5F1D704E580080527C /* AFJSONRequestOperation.m in Sources */ = {isa = PBXBuildFile; fileRef = 2F629E521D704E570080527C /* AFJSONRequestOperation.m */; };
		2F629E601D704E580080527C /* AFNetworkActivityIndicatorManager.m in Sources */ = {isa = PBXBuildFile; fileRef = 2F629E541D704E580080527C /* AFNetworkActivityIndicatorManager.m */; };
		2F629E611D704E580080527C /* AFPropertyListRequestOperation.m in Sources */ = {isa = PBXBuildFile; fileRef = 2F629E571D704E580080527C /* AFPropertyListRequestOperation.m */; };
		2F629E621D704E580080527C /* AFURLConnectionOperation.m in Sources */ = {isa = PBXBuildFile; fileRef = 2F629E591D704E580080527C /* AFURLConnectionOperation.m */; };
		2F629E631D704E580080527C /* AFXMLRequestOperation.m in Sources */ = {isa = PBXBuildFile; fileRef = 2F629E5B1D704E580080527C /* AFXMLRequestOperation.m */; };
		2F7535D51D757402004FD578 /* libz.tbd in Frameworks */ = {isa = PBXBuildFile; fileRef = 2F629EDE1D706D4B0080527C /* libz.tbd */; };
		2F7535D71D757499004FD578 /* libZipArchive-ios.a in Frameworks */ = {isa = PBXBuildFile; fileRef = 2F7535D61D757499004FD578 /* libZipArchive-ios.a */; };
		2F7535DB1D7574D0004FD578 /* ZipManager.m in Sources */ = {isa = PBXBuildFile; fileRef = 2F7535DA1D7574D0004FD578 /* ZipManager.m */; };
		2F7535E01D758BB0004FD578 /* images7.jpg in Resources */ = {isa = PBXBuildFile; fileRef = 2F7535DF1D758BB0004FD578 /* images7.jpg */; };
		2F7535EA1D758DCD004FD578 /* Images2.jpg in Resources */ = {isa = PBXBuildFile; fileRef = 2F7535E31D758DCD004FD578 /* Images2.jpg */; };
		2F7535EB1D758DCD004FD578 /* images3.jpg in Resources */ = {isa = PBXBuildFile; fileRef = 2F7535E41D758DCD004FD578 /* images3.jpg */; };
		2F7535EC1D758DCD004FD578 /* images4.jpg in Resources */ = {isa = PBXBuildFile; fileRef = 2F7535E51D758DCD004FD578 /* images4.jpg */; };
		2F7535ED1D758DCD004FD578 /* images5.jpg in Resources */ = {isa = PBXBuildFile; fileRef = 2F7535E61D758DCD004FD578 /* images5.jpg */; };
		2F7535EE1D758DCD004FD578 /* images6.jpg in Resources */ = {isa = PBXBuildFile; fileRef = 2F7535E71D758DCD004FD578 /* images6.jpg */; };
		2F7535F71D758F28004FD578 /* images8.jpg in Resources */ = {isa = PBXBuildFile; fileRef = 2F7535EF1D758F28004FD578 /* images8.jpg */; };
		2F7535F81D758F28004FD578 /* images9.jpg in Resources */ = {isa = PBXBuildFile; fileRef = 2F7535F01D758F28004FD578 /* images9.jpg */; };
		2F7535F91D758F28004FD578 /* images10.jpg in Resources */ = {isa = PBXBuildFile; fileRef = 2F7535F11D758F28004FD578 /* images10.jpg */; };
		2F7535FA1D758F28004FD578 /* images11.jpg in Resources */ = {isa = PBXBuildFile; fileRef = 2F7535F21D758F28004FD578 /* images11.jpg */; };
		2F7535FB1D758F28004FD578 /* images12.jpg in Resources */ = {isa = PBXBuildFile; fileRef = 2F7535F31D758F28004FD578 /* images12.jpg */; };
		2F7535FC1D758F28004FD578 /* images13.jpg in Resources */ = {isa = PBXBuildFile; fileRef = 2F7535F41D758F28004FD578 /* images13.jpg */; };
		2F7535FD1D758F28004FD578 /* images14.jpg in Resources */ = {isa = PBXBuildFile; fileRef = 2F7535F51D758F28004FD578 /* images14.jpg */; };
		2F7535FE1D758F28004FD578 /* images15.jpg in Resources */ = {isa = PBXBuildFile; fileRef = 2F7535F61D758F28004FD578 /* images15.jpg */; };
		2F7536011D759085004FD578 /* images.jpg in Resources */ = {isa = PBXBuildFile; fileRef = 2F7535FF1D759085004FD578 /* images.jpg */; };
		2F7536021D759085004FD578 /* images1.jpg in Resources */ = {isa = PBXBuildFile; fileRef = 2F7536001D759085004FD578 /* images1.jpg */; };
		2F75364A1D759588004FD578 /* adler32.c in Sources */ = {isa = PBXBuildFile; fileRef = 2F7536391D759588004FD578 /* adler32.c */; };
		2F75364B1D759588004FD578 /* compress.c in Sources */ = {isa = PBXBuildFile; fileRef = 2F75363A1D759588004FD578 /* compress.c */; };
		2F75364C1D759588004FD578 /* crc32.c in Sources */ = {isa = PBXBuildFile; fileRef = 2F75363B1D759588004FD578 /* crc32.c */; };
		2F75364D1D759588004FD578 /* deflate.c in Sources */ = {isa = PBXBuildFile; fileRef = 2F75363D1D759588004FD578 /* deflate.c */; };
		2F75364E1D759588004FD578 /* gzio.c in Sources */ = {isa = PBXBuildFile; fileRef = 2F75363F1D759588004FD578 /* gzio.c */; };
		2F75364F1D759588004FD578 /* infback.c in Sources */ = {isa = PBXBuildFile; fileRef = 2F7536401D759588004FD578 /* infback.c */; };
		2F7536501D759588004FD578 /* inffast.c in Sources */ = {isa = PBXBuildFile; fileRef = 2F7536411D759588004FD578 /* inffast.c */; };
		2F7536511D759588004FD578 /* inflate.c in Sources */ = {isa = PBXBuildFile; fileRef = 2F7536441D759588004FD578 /* inflate.c */; };
		2F7536521D759588004FD578 /* inftrees.c in Sources */ = {isa = PBXBuildFile; fileRef = 2F7536461D759588004FD578 /* inftrees.c */; };
		2F7536531D759588004FD578 /* trees.c in Sources */ = {isa = PBXBuildFile; fileRef = 2F7536481D759588004FD578 /* trees.c */; };
		2F7536631D75958E004FD578 /* ioapi.c in Sources */ = {isa = PBXBuildFile; fileRef = 2F7536561D75958E004FD578 /* ioapi.c */; };
		2F7536641D75958E004FD578 /* mztools.c in Sources */ = {isa = PBXBuildFile; fileRef = 2F7536581D75958E004FD578 /* mztools.c */; };
		2F7536651D75958E004FD578 /* uncompr.c in Sources */ = {isa = PBXBuildFile; fileRef = 2F75365A1D75958E004FD578 /* uncompr.c */; };
		2F7536661D75958E004FD578 /* unzip.c in Sources */ = {isa = PBXBuildFile; fileRef = 2F75365B1D75958E004FD578 /* unzip.c */; };
		2F7536671D75958E004FD578 /* zip.c in Sources */ = {isa = PBXBuildFile; fileRef = 2F75365E1D75958E004FD578 /* zip.c */; };
		2F7536681D75958E004FD578 /* zutil.c in Sources */ = {isa = PBXBuildFile; fileRef = 2F7536611D75958E004FD578 /* zutil.c */; };
		2F75366D1D759596004FD578 /* SSZipArchive.m in Sources */ = {isa = PBXBuildFile; fileRef = 2F75366A1D759596004FD578 /* SSZipArchive.m */; };
		2F75366E1D759596004FD578 /* ZipArchive.m in Sources */ = {isa = PBXBuildFile; fileRef = 2F75366C1D759596004FD578 /* ZipArchive.m */; };
		2FA82BF11D76B32C0044F17E /* Recipe.m in Sources */ = {isa = PBXBuildFile; fileRef = 2FA82BF01D76B32C0044F17E /* Recipe.m */; };
		2FA82C411D76E09E0044F17E /* RecipeDetailViewController.m in Sources */ = {isa = PBXBuildFile; fileRef = 2FA82C401D76E09E0044F17E /* RecipeDetailViewController.m */; };
		2FA82C571D76E20F0044F17E /* about.jpg in Resources */ = {isa = PBXBuildFile; fileRef = 2FA82C441D76E20F0044F17E /* about.jpg */; };
		2FA82C581D76E20F0044F17E /* angry_birds_cake.jpg in Resources */ = {isa = PBXBuildFile; fileRef = 2FA82C451D76E20F0044F17E /* angry_birds_cake.jpg */; };
		2FA82C591D76E20F0044F17E /* creme_brelee.jpg in Resources */ = {isa = PBXBuildFile; fileRef = 2FA82C461D76E20F0044F17E /* creme_brelee.jpg */; };
		2FA82C5A1D76E20F0044F17E /* egg_benedict.jpg in Resources */ = {isa = PBXBuildFile; fileRef = 2FA82C471D76E20F0044F17E /* egg_benedict.jpg */; };
		2FA82C5B1D76E20F0044F17E /* full_breakfast.jpg in Resources */ = {isa = PBXBuildFile; fileRef = 2FA82C481D76E20F0044F17E /* full_breakfast.jpg */; };
		2FA82C5C1D76E20F0044F17E /* green_tea.jpg in Resources */ = {isa = PBXBuildFile; fileRef = 2FA82C491D76E20F0044F17E /* green_tea.jpg */; };
		2FA82C5D1D76E20F0044F17E /* ham_and_cheese_panini.jpg in Resources */ = {isa = PBXBuildFile; fileRef = 2FA82C4A1D76E20F0044F17E /* ham_and_cheese_panini.jpg */; };
		2FA82C5E1D76E20F0044F17E /* ham_and_egg_sandwich.jpg in Resources */ = {isa = PBXBuildFile; fileRef = 2FA82C4B1D76E20F0044F17E /* ham_and_egg_sandwich.jpg */; };
		2FA82C5F1D76E20F0044F17E /* hamburger.jpg in Resources */ = {isa = PBXBuildFile; fileRef = 2FA82C4C1D76E20F0044F17E /* hamburger.jpg */; };
		2FA82C601D76E20F0044F17E /* instant_noodle_with_egg.jpg in Resources */ = {isa = PBXBuildFile; fileRef = 2FA82C4D1D76E20F0044F17E /* instant_noodle_with_egg.jpg */; };
		2FA82C611D76E20F0044F17E /* japanese_noodle_with_pork.jpg in Resources */ = {isa = PBXBuildFile; fileRef = 2FA82C4E1D76E20F0044F17E /* japanese_noodle_with_pork.jpg */; };
		2FA82C621D76E20F0044F17E /* mushroom_risotto.jpg in Resources */ = {isa = PBXBuildFile; fileRef = 2FA82C4F1D76E20F0044F17E /* mushroom_risotto.jpg */; };
		2FA82C631D76E20F0044F17E /* noodle_with_bbq_pork.jpg in Resources */ = {isa = PBXBuildFile; fileRef = 2FA82C501D76E20F0044F17E /* noodle_with_bbq_pork.jpg */; };
		2FA82C641D76E20F0044F17E /* photo-frame.png in Resources */ = {isa = PBXBuildFile; fileRef = 2FA82C511D76E20F0044F17E /* photo-frame.png */; };
		2FA82C651D76E20F0044F17E /* photo-frame@2x.png in Resources */ = {isa = PBXBuildFile; fileRef = 2FA82C521D76E20F0044F17E /* photo-frame@2x.png */; };
		2FA82C661D76E20F0044F17E /* starbucks_coffee.jpg in Resources */ = {isa = PBXBuildFile; fileRef = 2FA82C531D76E20F0044F17E /* starbucks_coffee.jpg */; };
		2FA82C671D76E20F0044F17E /* thai_shrimp_cake.jpg in Resources */ = {isa = PBXBuildFile; fileRef = 2FA82C541D76E20F0044F17E /* thai_shrimp_cake.jpg */; };
		2FA82C681D76E20F0044F17E /* vegetable_curry.jpg in Resources */ = {isa = PBXBuildFile; fileRef = 2FA82C551D76E20F0044F17E /* vegetable_curry.jpg */; };
		2FA82C691D76E20F0044F17E /* white_chocolate_donut.jpg in Resources */ = {isa = PBXBuildFile; fileRef = 2FA82C561D76E20F0044F17E /* white_chocolate_donut.jpg */; };
		2FA82C6C1D76E5A90044F17E /* RecipeBookViewController.m in Sources */ = {isa = PBXBuildFile; fileRef = 2FA82C6B1D76E5A90044F17E /* RecipeBookViewController.m */; };
		2FA82C801D76F00D0044F17E /* button_back.png in Resources */ = {isa = PBXBuildFile; fileRef = 2FA82C6E1D76F00D0044F17E /* button_back.png */; };
		2FA82C811D76F00D0044F17E /* button_normal.png in Resources */ = {isa = PBXBuildFile; fileRef = 2FA82C6F1D76F00D0044F17E /* button_normal.png */; };
		2FA82C821D76F00D0044F17E /* cell_bottom.png in Resources */ = {isa = PBXBuildFile; fileRef = 2FA82C701D76F00D0044F17E /* cell_bottom.png */; };
		2FA82C831D76F00D0044F17E /* cell_bottom@2x.png in Resources */ = {isa = PBXBuildFile; fileRef = 2FA82C711D76F00D0044F17E /* cell_bottom@2x.png */; };
		2FA82C841D76F00D0044F17E /* cell_middle.png in Resources */ = {isa = PBXBuildFile; fileRef = 2FA82C721D76F00D0044F17E /* cell_middle.png */; };
		2FA82C851D76F00D0044F17E /* cell_middle@2x.png in Resources */ = {isa = PBXBuildFile; fileRef = 2FA82C731D76F00D0044F17E /* cell_middle@2x.png */; };
		2FA82C861D76F00D0044F17E /* cell_top.png in Resources */ = {isa = PBXBuildFile; fileRef = 2FA82C741D76F00D0044F17E /* cell_top.png */; };
		2FA82C871D76F00D0044F17E /* cell_top@2x.png in Resources */ = {isa = PBXBuildFile; fileRef = 2FA82C751D76F00D0044F17E /* cell_top@2x.png */; };
		2FA82C881D76F00D0044F17E /* cell_top_tile.png in Resources */ = {isa = PBXBuildFile; fileRef = 2FA82C761D76F00D0044F17E /* cell_top_tile.png */; };
		2FA82C891D76F00D0044F17E /* common_bg.png in Resources */ = {isa = PBXBuildFile; fileRef = 2FA82C771D76F00D0044F17E /* common_bg.png */; };
		2FA82C8A1D76F00D0044F17E /* common_bg@2x.png in Resources */ = {isa = PBXBuildFile; fileRef = 2FA82C781D76F00D0044F17E /* common_bg@2x.png */; };
		2FA82C8B1D76F00D0044F17E /* egg_benedict.jpg in Resources */ = {isa = PBXBuildFile; fileRef = 2FA82C791D76F00D0044F17E /* egg_benedict.jpg */; };
		2FA82C8C1D76F00D0044F17E /* full_breakfast.jpg in Resources */ = {isa = PBXBuildFile; fileRef = 2FA82C7A1D76F00D0044F17E /* full_breakfast.jpg */; };
		2FA82C8D1D76F00D0044F17E /* ham_and_egg_sandwich.jpg in Resources */ = {isa = PBXBuildFile; fileRef = 2FA82C7B1D76F00D0044F17E /* ham_and_egg_sandwich.jpg */; };
		2FA82C8E1D76F00D0044F17E /* hamburger.jpg in Resources */ = {isa = PBXBuildFile; fileRef = 2FA82C7C1D76F00D0044F17E /* hamburger.jpg */; };
		2FA82C8F1D76F00D0044F17E /* mushroom_risotto.jpg in Resources */ = {isa = PBXBuildFile; fileRef = 2FA82C7D1D76F00D0044F17E /* mushroom_risotto.jpg */; };
		2FA82C901D76F00D0044F17E /* navbar_bg.png in Resources */ = {isa = PBXBuildFile; fileRef = 2FA82C7E1D76F00D0044F17E /* navbar_bg.png */; };
		2FA82C911D76F00D0044F17E /* navbar_bg@2x.png in Resources */ = {isa = PBXBuildFile; fileRef = 2FA82C7F1D76F00D0044F17E /* navbar_bg@2x.png */; };
		2FC864811D6DACD400F37DB3 /* Foundation.framework in Frameworks */ = {isa = PBXBuildFile; fileRef = 2FC864801D6DACD400F37DB3 /* Foundation.framework */; };
		2FC864831D6DACDD00F37DB3 /* CoreFoundation.framework in Frameworks */ = {isa = PBXBuildFile; fileRef = 2FC864821D6DACDD00F37DB3 /* CoreFoundation.framework */; };
		2FCA47C11D5C47FB00ED7A36 /* main.m in Sources */ = {isa = PBXBuildFile; fileRef = 2FCA47C01D5C47FB00ED7A36 /* main.m */; };
		2FCA47C41D5C47FB00ED7A36 /* AppDelegate.m in Sources */ = {isa = PBXBuildFile; fileRef = 2FCA47C31D5C47FB00ED7A36 /* AppDelegate.m */; };
		2FCA47CC1D5C47FB00ED7A36 /* Assets.xcassets in Resources */ = {isa = PBXBuildFile; fileRef = 2FCA47CB1D5C47FB00ED7A36 /* Assets.xcassets */; };
		2FCA47CF1D5C47FB00ED7A36 /* LaunchScreen.storyboard in Resources */ = {isa = PBXBuildFile; fileRef = 2FCA47CD1D5C47FB00ED7A36 /* LaunchScreen.storyboard */; };
		2FCA47DA1D5C47FB00ED7A36 /* SampleTests.m in Sources */ = {isa = PBXBuildFile; fileRef = 2FCA47D91D5C47FB00ED7A36 /* SampleTests.m */; };
		2FCC6C911D783EB200874D32 /* TableViewController.m in Sources */ = {isa = PBXBuildFile; fileRef = 2FCC6C901D783EB200874D32 /* TableViewController.m */; };
		2FCC6C941D783F5100874D32 /* FirstViewController.m in Sources */ = {isa = PBXBuildFile; fileRef = 2FCC6C931D783F5100874D32 /* FirstViewController.m */; };
/* End PBXBuildFile section */

/* Begin PBXContainerItemProxy section */
		2FCA47D61D5C47FB00ED7A36 /* PBXContainerItemProxy */ = {
			isa = PBXContainerItemProxy;
			containerPortal = 2FCA47B41D5C47FB00ED7A36 /* Project object */;
			proxyType = 1;
			remoteGlobalIDString = 2FCA47BB1D5C47FB00ED7A36;
			remoteInfo = Sample;
		};
/* End PBXContainerItemProxy section */

/* Begin PBXFileReference section */
		2F1E9B841D5CAF4600857B79 /* libsqlite3.tbd */ = {isa = PBXFileReference; lastKnownFileType = "sourcecode.text-based-dylib-definition"; name = libsqlite3.tbd; path = usr/lib/libsqlite3.tbd; sourceTree = SDKROOT; };
		2F20DE1C1D6B122C00D4C88F /* Books.sqlite */ = {isa = PBXFileReference; lastKnownFileType = file; path = Books.sqlite; sourceTree = "<group>"; };
		2F20DE201D6B124500D4C88F /* ViewController.h */ = {isa = PBXFileReference; fileEncoding = 4; lastKnownFileType = sourcecode.c.h; path = ViewController.h; sourceTree = "<group>"; };
		2F20DE211D6B124500D4C88F /* ViewController.m */ = {isa = PBXFileReference; fileEncoding = 4; lastKnownFileType = sourcecode.c.objc; path = ViewController.m; sourceTree = "<group>"; };
		2F20DE221D6B124500D4C88F /* Book.h */ = {isa = PBXFileReference; fileEncoding = 4; lastKnownFileType = sourcecode.c.h; path = Book.h; sourceTree = "<group>"; };
		2F20DE231D6B124500D4C88F /* Book.m */ = {isa = PBXFileReference; fileEncoding = 4; lastKnownFileType = sourcecode.c.objc; path = Book.m; sourceTree = "<group>"; };
		2F20DE261D6B1A9200D4C88F /* Read.xml */ = {isa = PBXFileReference; fileEncoding = 4; lastKnownFileType = text.xml; path = Read.xml; sourceTree = "<group>"; };
		2F2A9F4F1D6AC28300D6BCAD /* Main.storyboard */ = {isa = PBXFileReference; fileEncoding = 4; lastKnownFileType = file.storyboard; path = Main.storyboard; sourceTree = "<group>"; };
		2F3E8D971D6C358C00937489 /* MapKit.framework */ = {isa = PBXFileReference; lastKnownFileType = wrapper.framework; name = MapKit.framework; path = System/Library/Frameworks/MapKit.framework; sourceTree = SDKROOT; };
		2F3E8D9F1D6C397000937489 /* CoreLocation.framework */ = {isa = PBXFileReference; lastKnownFileType = wrapper.framework; name = CoreLocation.framework; path = System/Library/Frameworks/CoreLocation.framework; sourceTree = SDKROOT; };
		2F3E8DA11D6C459200937489 /* MobileCoreServices.framework */ = {isa = PBXFileReference; lastKnownFileType = wrapper.framework; name = MobileCoreServices.framework; path = System/Library/Frameworks/MobileCoreServices.framework; sourceTree = SDKROOT; };
		2F3E8DA31D6C57C200937489 /* user.jpg */ = {isa = PBXFileReference; lastKnownFileType = image.jpeg; path = user.jpg; sourceTree = "<group>"; };
		2F629E051D7011F30080527C /* Books.xml */ = {isa = PBXFileReference; fileEncoding = 4; lastKnownFileType = text.xml; path = Books.xml; sourceTree = "<group>"; };
		2F629E271D704B550080527C /* New.xml */ = {isa = PBXFileReference; fileEncoding = 4; lastKnownFileType = text.xml; path = New.xml; sourceTree = "<group>"; };
		2F629E291D704C750080527C /* FMDatabase.h */ = {isa = PBXFileReference; fileEncoding = 4; lastKnownFileType = sourcecode.c.h; path = FMDatabase.h; sourceTree = "<group>"; };
		2F629E2A1D704C750080527C /* FMDatabase.m */ = {isa = PBXFileReference; fileEncoding = 4; lastKnownFileType = sourcecode.c.objc; path = FMDatabase.m; sourceTree = "<group>"; };
		2F629E2B1D704C750080527C /* FMDatabaseAdditions.h */ = {isa = PBXFileReference; fileEncoding = 4; lastKnownFileType = sourcecode.c.h; path = FMDatabaseAdditions.h; sourceTree = "<group>"; };
		2F629E2C1D704C750080527C /* FMDatabaseAdditions.m */ = {isa = PBXFileReference; fileEncoding = 4; lastKnownFileType = sourcecode.c.objc; path = FMDatabaseAdditions.m; sourceTree = "<group>"; };
		2F629E2D1D704C750080527C /* FMDatabasePool.h */ = {isa = PBXFileReference; fileEncoding = 4; lastKnownFileType = sourcecode.c.h; path = FMDatabasePool.h; sourceTree = "<group>"; };
		2F629E2E1D704C750080527C /* FMDatabasePool.m */ = {isa = PBXFileReference; fileEncoding = 4; lastKnownFileType = sourcecode.c.objc; path = FMDatabasePool.m; sourceTree = "<group>"; };
		2F629E2F1D704C750080527C /* FMDatabaseQueue.h */ = {isa = PBXFileReference; fileEncoding = 4; lastKnownFileType = sourcecode.c.h; path = FMDatabaseQueue.h; sourceTree = "<group>"; };
		2F629E301D704C750080527C /* FMDatabaseQueue.m */ = {isa = PBXFileReference; fileEncoding = 4; lastKnownFileType = sourcecode.c.objc; path = FMDatabaseQueue.m; sourceTree = "<group>"; };
		2F629E311D704C750080527C /* fmdb.m */ = {isa = PBXFileReference; fileEncoding = 4; lastKnownFileType = sourcecode.c.objc; path = fmdb.m; sourceTree = "<group>"; };
		2F629E321D704C750080527C /* FMResultSet.h */ = {isa = PBXFileReference; fileEncoding = 4; lastKnownFileType = sourcecode.c.h; path = FMResultSet.h; sourceTree = "<group>"; };
		2F629E331D704C750080527C /* FMResultSet.m */ = {isa = PBXFileReference; fileEncoding = 4; lastKnownFileType = sourcecode.c.objc; path = FMResultSet.m; sourceTree = "<group>"; };
		2F629E341D704C750080527C /* SQLiteManager.h */ = {isa = PBXFileReference; fileEncoding = 4; lastKnownFileType = sourcecode.c.h; path = SQLiteManager.h; sourceTree = "<group>"; };
		2F629E351D704C750080527C /* SQLiteManager.m */ = {isa = PBXFileReference; fileEncoding = 4; lastKnownFileType = sourcecode.c.objc; path = SQLiteManager.m; sourceTree = "<group>"; };
		2F629E431D704CA10080527C /* XMLReader.h */ = {isa = PBXFileReference; fileEncoding = 4; lastKnownFileType = sourcecode.c.h; path = XMLReader.h; sourceTree = "<group>"; };
		2F629E441D704CA10080527C /* XMLReader.m */ = {isa = PBXFileReference; fileEncoding = 4; lastKnownFileType = sourcecode.c.objc; path = XMLReader.m; sourceTree = "<group>"; };
		2F629E451D704CA10080527C /* XMLWriter.h */ = {isa = PBXFileReference; fileEncoding = 4; lastKnownFileType = sourcecode.c.h; path = XMLWriter.h; sourceTree = "<group>"; };
		2F629E461D704CA10080527C /* XMLWriter.m */ = {isa = PBXFileReference; fileEncoding = 4; lastKnownFileType = sourcecode.c.objc; path = XMLWriter.m; sourceTree = "<group>"; };
		2F629E4B1D704E570080527C /* AFHTTPClient.h */ = {isa = PBXFileReference; fileEncoding = 4; lastKnownFileType = sourcecode.c.h; path = AFHTTPClient.h; sourceTree = "<group>"; };
		2F629E4C1D704E570080527C /* AFHTTPClient.m */ = {isa = PBXFileReference; fileEncoding = 4; lastKnownFileType = sourcecode.c.objc; path = AFHTTPClient.m; sourceTree = "<group>"; };
		2F629E4D1D704E570080527C /* AFHTTPRequestOperation.h */ = {isa = PBXFileReference; fileEncoding = 4; lastKnownFileType = sourcecode.c.h; path = AFHTTPRequestOperation.h; sourceTree = "<group>"; };
		2F629E4E1D704E570080527C /* AFHTTPRequestOperation.m */ = {isa = PBXFileReference; fileEncoding = 4; lastKnownFileType = sourcecode.c.objc; path = AFHTTPRequestOperation.m; sourceTree = "<group>"; };
		2F629E4F1D704E570080527C /* AFImageRequestOperation.h */ = {isa = PBXFileReference; fileEncoding = 4; lastKnownFileType = sourcecode.c.h; path = AFImageRequestOperation.h; sourceTree = "<group>"; };
		2F629E501D704E570080527C /* AFImageRequestOperation.m */ = {isa = PBXFileReference; fileEncoding = 4; lastKnownFileType = sourcecode.c.objc; path = AFImageRequestOperation.m; sourceTree = "<group>"; };
		2F629E511D704E570080527C /* AFJSONRequestOperation.h */ = {isa = PBXFileReference; fileEncoding = 4; lastKnownFileType = sourcecode.c.h; path = AFJSONRequestOperation.h; sourceTree = "<group>"; };
		2F629E521D704E570080527C /* AFJSONRequestOperation.m */ = {isa = PBXFileReference; fileEncoding = 4; lastKnownFileType = sourcecode.c.objc; path = AFJSONRequestOperation.m; sourceTree = "<group>"; };
		2F629E531D704E570080527C /* AFNetworkActivityIndicatorManager.h */ = {isa = PBXFileReference; fileEncoding = 4; lastKnownFileType = sourcecode.c.h; path = AFNetworkActivityIndicatorManager.h; sourceTree = "<group>"; };
		2F629E541D704E580080527C /* AFNetworkActivityIndicatorManager.m */ = {isa = PBXFileReference; fileEncoding = 4; lastKnownFileType = sourcecode.c.objc; path = AFNetworkActivityIndicatorManager.m; sourceTree = "<group>"; };
		2F629E551D704E580080527C /* AFNetworking.h */ = {isa = PBXFileReference; fileEncoding = 4; lastKnownFileType = sourcecode.c.h; path = AFNetworking.h; sourceTree = "<group>"; };
		2F629E561D704E580080527C /* AFPropertyListRequestOperation.h */ = {isa = PBXFileReference; fileEncoding = 4; lastKnownFileType = sourcecode.c.h; path = AFPropertyListRequestOperation.h; sourceTree = "<group>"; };
		2F629E571D704E580080527C /* AFPropertyListRequestOperation.m */ = {isa = PBXFileReference; fileEncoding = 4; lastKnownFileType = sourcecode.c.objc; path = AFPropertyListRequestOperation.m; sourceTree = "<group>"; };
		2F629E581D704E580080527C /* AFURLConnectionOperation.h */ = {isa = PBXFileReference; fileEncoding = 4; lastKnownFileType = sourcecode.c.h; path = AFURLConnectionOperation.h; sourceTree = "<group>"; };
		2F629E591D704E580080527C /* AFURLConnectionOperation.m */ = {isa = PBXFileReference; fileEncoding = 4; lastKnownFileType = sourcecode.c.objc; path = AFURLConnectionOperation.m; sourceTree = "<group>"; };
		2F629E5A1D704E580080527C /* AFXMLRequestOperation.h */ = {isa = PBXFileReference; fileEncoding = 4; lastKnownFileType = sourcecode.c.h; path = AFXMLRequestOperation.h; sourceTree = "<group>"; };
		2F629E5B1D704E580080527C /* AFXMLRequestOperation.m */ = {isa = PBXFileReference; fileEncoding = 4; lastKnownFileType = sourcecode.c.objc; path = AFXMLRequestOperation.m; sourceTree = "<group>"; };
		2F629EDE1D706D4B0080527C /* libz.tbd */ = {isa = PBXFileReference; lastKnownFileType = "sourcecode.text-based-dylib-definition"; name = libz.tbd; path = usr/lib/libz.tbd; sourceTree = SDKROOT; };
		2F7535D61D757499004FD578 /* libZipArchive-ios.a */ = {isa = PBXFileReference; lastKnownFileType = archive.ar; path = "libZipArchive-ios.a"; sourceTree = "<group>"; };
		2F7535D81D75749F004FD578 /* ZipArchive.h */ = {isa = PBXFileReference; lastKnownFileType = sourcecode.c.h; path = ZipArchive.h; sourceTree = "<group>"; };
		2F7535D91D7574CB004FD578 /* ZipManager.h */ = {isa = PBXFileReference; fileEncoding = 4; lastKnownFileType = sourcecode.c.h; path = ZipManager.h; sourceTree = "<group>"; };
		2F7535DA1D7574D0004FD578 /* ZipManager.m */ = {isa = PBXFileReference; fileEncoding = 4; lastKnownFileType = sourcecode.c.objc; path = ZipManager.m; sourceTree = "<group>"; };
		2F7535DF1D758BB0004FD578 /* images7.jpg */ = {isa = PBXFileReference; lastKnownFileType = image.jpeg; name = images7.jpg; path = ../images7.jpg; sourceTree = "<group>"; };
		2F7535E31D758DCD004FD578 /* Images2.jpg */ = {isa = PBXFileReference; lastKnownFileType = image.jpeg; name = Images2.jpg; path = ../Images2.jpg; sourceTree = "<group>"; };
		2F7535E41D758DCD004FD578 /* images3.jpg */ = {isa = PBXFileReference; lastKnownFileType = image.jpeg; name = images3.jpg; path = ../images3.jpg; sourceTree = "<group>"; };
		2F7535E51D758DCD004FD578 /* images4.jpg */ = {isa = PBXFileReference; lastKnownFileType = image.jpeg; name = images4.jpg; path = ../images4.jpg; sourceTree = "<group>"; };
		2F7535E61D758DCD004FD578 /* images5.jpg */ = {isa = PBXFileReference; lastKnownFileType = image.jpeg; name = images5.jpg; path = ../images5.jpg; sourceTree = "<group>"; };
		2F7535E71D758DCD004FD578 /* images6.jpg */ = {isa = PBXFileReference; lastKnownFileType = image.jpeg; name = images6.jpg; path = ../images6.jpg; sourceTree = "<group>"; };
		2F7535EF1D758F28004FD578 /* images8.jpg */ = {isa = PBXFileReference; lastKnownFileType = image.jpeg; name = images8.jpg; path = ../images8.jpg; sourceTree = "<group>"; };
		2F7535F01D758F28004FD578 /* images9.jpg */ = {isa = PBXFileReference; lastKnownFileType = image.jpeg; name = images9.jpg; path = ../images9.jpg; sourceTree = "<group>"; };
		2F7535F11D758F28004FD578 /* images10.jpg */ = {isa = PBXFileReference; lastKnownFileType = image.jpeg; name = images10.jpg; path = ../images10.jpg; sourceTree = "<group>"; };
		2F7535F21D758F28004FD578 /* images11.jpg */ = {isa = PBXFileReference; lastKnownFileType = image.jpeg; name = images11.jpg; path = ../images11.jpg; sourceTree = "<group>"; };
		2F7535F31D758F28004FD578 /* images12.jpg */ = {isa = PBXFileReference; lastKnownFileType = image.jpeg; name = images12.jpg; path = ../images12.jpg; sourceTree = "<group>"; };
		2F7535F41D758F28004FD578 /* images13.jpg */ = {isa = PBXFileReference; lastKnownFileType = image.jpeg; name = images13.jpg; path = ../images13.jpg; sourceTree = "<group>"; };
		2F7535F51D758F28004FD578 /* images14.jpg */ = {isa = PBXFileReference; lastKnownFileType = image.jpeg; name = images14.jpg; path = ../images14.jpg; sourceTree = "<group>"; };
		2F7535F61D758F28004FD578 /* images15.jpg */ = {isa = PBXFileReference; lastKnownFileType = image.jpeg; name = images15.jpg; path = ../images15.jpg; sourceTree = "<group>"; };
		2F7535FF1D759085004FD578 /* images.jpg */ = {isa = PBXFileReference; lastKnownFileType = image.jpeg; name = images.jpg; path = ../images.jpg; sourceTree = "<group>"; };
		2F7536001D759085004FD578 /* images1.jpg */ = {isa = PBXFileReference; lastKnownFileType = image.jpeg; name = images1.jpg; path = ../images1.jpg; sourceTree = "<group>"; };
		2F7536391D759588004FD578 /* adler32.c */ = {isa = PBXFileReference; fileEncoding = 4; lastKnownFileType = sourcecode.c.c; path = adler32.c; sourceTree = "<group>"; };
		2F75363A1D759588004FD578 /* compress.c */ = {isa = PBXFileReference; fileEncoding = 4; lastKnownFileType = sourcecode.c.c; path = compress.c; sourceTree = "<group>"; };
		2F75363B1D759588004FD578 /* crc32.c */ = {isa = PBXFileReference; fileEncoding = 4; lastKnownFileType = sourcecode.c.c; path = crc32.c; sourceTree = "<group>"; };
		2F75363C1D759588004FD578 /* crc32.h */ = {isa = PBXFileReference; fileEncoding = 4; lastKnownFileType = sourcecode.c.h; path = crc32.h; sourceTree = "<group>"; };
		2F75363D1D759588004FD578 /* deflate.c */ = {isa = PBXFileReference; fileEncoding = 4; lastKnownFileType = sourcecode.c.c; path = deflate.c; sourceTree = "<group>"; };
		2F75363E1D759588004FD578 /* deflate.h */ = {isa = PBXFileReference; fileEncoding = 4; lastKnownFileType = sourcecode.c.h; path = deflate.h; sourceTree = "<group>"; };
		2F75363F1D759588004FD578 /* gzio.c */ = {isa = PBXFileReference; fileEncoding = 4; lastKnownFileType = sourcecode.c.c; path = gzio.c; sourceTree = "<group>"; };
		2F7536401D759588004FD578 /* infback.c */ = {isa = PBXFileReference; fileEncoding = 4; lastKnownFileType = sourcecode.c.c; path = infback.c; sourceTree = "<group>"; };
		2F7536411D759588004FD578 /* inffast.c */ = {isa = PBXFileReference; fileEncoding = 4; lastKnownFileType = sourcecode.c.c; path = inffast.c; sourceTree = "<group>"; };
		2F7536421D759588004FD578 /* inffast.h */ = {isa = PBXFileReference; fileEncoding = 4; lastKnownFileType = sourcecode.c.h; path = inffast.h; sourceTree = "<group>"; };
		2F7536431D759588004FD578 /* inffixed.h */ = {isa = PBXFileReference; fileEncoding = 4; lastKnownFileType = sourcecode.c.h; path = inffixed.h; sourceTree = "<group>"; };
		2F7536441D759588004FD578 /* inflate.c */ = {isa = PBXFileReference; fileEncoding = 4; lastKnownFileType = sourcecode.c.c; path = inflate.c; sourceTree = "<group>"; };
		2F7536451D759588004FD578 /* inflate.h */ = {isa = PBXFileReference; fileEncoding = 4; lastKnownFileType = sourcecode.c.h; path = inflate.h; sourceTree = "<group>"; };
		2F7536461D759588004FD578 /* inftrees.c */ = {isa = PBXFileReference; fileEncoding = 4; lastKnownFileType = sourcecode.c.c; path = inftrees.c; sourceTree = "<group>"; };
		2F7536471D759588004FD578 /* inftrees.h */ = {isa = PBXFileReference; fileEncoding = 4; lastKnownFileType = sourcecode.c.h; path = inftrees.h; sourceTree = "<group>"; };
		2F7536481D759588004FD578 /* trees.c */ = {isa = PBXFileReference; fileEncoding = 4; lastKnownFileType = sourcecode.c.c; path = trees.c; sourceTree = "<group>"; };
		2F7536491D759588004FD578 /* trees.h */ = {isa = PBXFileReference; fileEncoding = 4; lastKnownFileType = sourcecode.c.h; path = trees.h; sourceTree = "<group>"; };
		2F7536551D75958E004FD578 /* crypt.h */ = {isa = PBXFileReference; fileEncoding = 4; lastKnownFileType = sourcecode.c.h; path = crypt.h; sourceTree = "<group>"; };
		2F7536561D75958E004FD578 /* ioapi.c */ = {isa = PBXFileReference; fileEncoding = 4; lastKnownFileType = sourcecode.c.c; path = ioapi.c; sourceTree = "<group>"; };
		2F7536571D75958E004FD578 /* ioapi.h */ = {isa = PBXFileReference; fileEncoding = 4; lastKnownFileType = sourcecode.c.h; path = ioapi.h; sourceTree = "<group>"; };
		2F7536581D75958E004FD578 /* mztools.c */ = {isa = PBXFileReference; fileEncoding = 4; lastKnownFileType = sourcecode.c.c; path = mztools.c; sourceTree = "<group>"; };
		2F7536591D75958E004FD578 /* mztools.h */ = {isa = PBXFileReference; fileEncoding = 4; lastKnownFileType = sourcecode.c.h; path = mztools.h; sourceTree = "<group>"; };
		2F75365A1D75958E004FD578 /* uncompr.c */ = {isa = PBXFileReference; fileEncoding = 4; lastKnownFileType = sourcecode.c.c; path = uncompr.c; sourceTree = "<group>"; };
		2F75365B1D75958E004FD578 /* unzip.c */ = {isa = PBXFileReference; fileEncoding = 4; lastKnownFileType = sourcecode.c.c; path = unzip.c; sourceTree = "<group>"; };
		2F75365C1D75958E004FD578 /* unzip.h */ = {isa = PBXFileReference; fileEncoding = 4; lastKnownFileType = sourcecode.c.h; path = unzip.h; sourceTree = "<group>"; };
		2F75365D1D75958E004FD578 /* zconf.h */ = {isa = PBXFileReference; fileEncoding = 4; lastKnownFileType = sourcecode.c.h; path = zconf.h; sourceTree = "<group>"; };
		2F75365E1D75958E004FD578 /* zip.c */ = {isa = PBXFileReference; fileEncoding = 4; lastKnownFileType = sourcecode.c.c; path = zip.c; sourceTree = "<group>"; };
		2F75365F1D75958E004FD578 /* zip.h */ = {isa = PBXFileReference; fileEncoding = 4; lastKnownFileType = sourcecode.c.h; path = zip.h; sourceTree = "<group>"; };
		2F7536601D75958E004FD578 /* zlib.h */ = {isa = PBXFileReference; fileEncoding = 4; lastKnownFileType = sourcecode.c.h; path = zlib.h; sourceTree = "<group>"; };
		2F7536611D75958E004FD578 /* zutil.c */ = {isa = PBXFileReference; fileEncoding = 4; lastKnownFileType = sourcecode.c.c; path = zutil.c; sourceTree = "<group>"; };
		2F7536621D75958E004FD578 /* zutil.h */ = {isa = PBXFileReference; fileEncoding = 4; lastKnownFileType = sourcecode.c.h; path = zutil.h; sourceTree = "<group>"; };
		2F7536691D759596004FD578 /* SSZipArchive.h */ = {isa = PBXFileReference; fileEncoding = 4; lastKnownFileType = sourcecode.c.h; name = SSZipArchive.h; path = MiniZip/SSZipArchive.h; sourceTree = "<group>"; };
		2F75366A1D759596004FD578 /* SSZipArchive.m */ = {isa = PBXFileReference; fileEncoding = 4; lastKnownFileType = sourcecode.c.objc; name = SSZipArchive.m; path = MiniZip/SSZipArchive.m; sourceTree = "<group>"; };
		2F75366B1D759596004FD578 /* ZipArchive.h */ = {isa = PBXFileReference; fileEncoding = 4; lastKnownFileType = sourcecode.c.h; name = ZipArchive.h; path = MiniZip/ZipArchive.h; sourceTree = "<group>"; };
		2F75366C1D759596004FD578 /* ZipArchive.m */ = {isa = PBXFileReference; fileEncoding = 4; lastKnownFileType = sourcecode.c.objc; name = ZipArchive.m; path = MiniZip/ZipArchive.m; sourceTree = "<group>"; };
		2FA82BEF1D76B32C0044F17E /* Recipe.h */ = {isa = PBXFileReference; fileEncoding = 4; lastKnownFileType = sourcecode.c.h; path = Recipe.h; sourceTree = "<group>"; };
		2FA82BF01D76B32C0044F17E /* Recipe.m */ = {isa = PBXFileReference; fileEncoding = 4; lastKnownFileType = sourcecode.c.objc; path = Recipe.m; sourceTree = "<group>"; };
		2FA82C3F1D76E09E0044F17E /* RecipeDetailViewController.h */ = {isa = PBXFileReference; fileEncoding = 4; lastKnownFileType = sourcecode.c.h; path = RecipeDetailViewController.h; sourceTree = "<group>"; };
		2FA82C401D76E09E0044F17E /* RecipeDetailViewController.m */ = {isa = PBXFileReference; fileEncoding = 4; lastKnownFileType = sourcecode.c.objc; path = RecipeDetailViewController.m; sourceTree = "<group>"; };
		2FA82C441D76E20F0044F17E /* about.jpg */ = {isa = PBXFileReference; lastKnownFileType = image.jpeg; path = about.jpg; sourceTree = "<group>"; };
		2FA82C451D76E20F0044F17E /* angry_birds_cake.jpg */ = {isa = PBXFileReference; lastKnownFileType = image.jpeg; path = angry_birds_cake.jpg; sourceTree = "<group>"; };
		2FA82C461D76E20F0044F17E /* creme_brelee.jpg */ = {isa = PBXFileReference; lastKnownFileType = image.jpeg; path = creme_brelee.jpg; sourceTree = "<group>"; };
		2FA82C471D76E20F0044F17E /* egg_benedict.jpg */ = {isa = PBXFileReference; lastKnownFileType = image.jpeg; path = egg_benedict.jpg; sourceTree = "<group>"; };
		2FA82C481D76E20F0044F17E /* full_breakfast.jpg */ = {isa = PBXFileReference; lastKnownFileType = image.jpeg; path = full_breakfast.jpg; sourceTree = "<group>"; };
		2FA82C491D76E20F0044F17E /* green_tea.jpg */ = {isa = PBXFileReference; lastKnownFileType = image.jpeg; path = green_tea.jpg; sourceTree = "<group>"; };
		2FA82C4A1D76E20F0044F17E /* ham_and_cheese_panini.jpg */ = {isa = PBXFileReference; lastKnownFileType = image.jpeg; path = ham_and_cheese_panini.jpg; sourceTree = "<group>"; };
		2FA82C4B1D76E20F0044F17E /* ham_and_egg_sandwich.jpg */ = {isa = PBXFileReference; lastKnownFileType = image.jpeg; path = ham_and_egg_sandwich.jpg; sourceTree = "<group>"; };
		2FA82C4C1D76E20F0044F17E /* hamburger.jpg */ = {isa = PBXFileReference; lastKnownFileType = image.jpeg; path = hamburger.jpg; sourceTree = "<group>"; };
		2FA82C4D1D76E20F0044F17E /* instant_noodle_with_egg.jpg */ = {isa = PBXFileReference; lastKnownFileType = image.jpeg; path = instant_noodle_with_egg.jpg; sourceTree = "<group>"; };
		2FA82C4E1D76E20F0044F17E /* japanese_noodle_with_pork.jpg */ = {isa = PBXFileReference; lastKnownFileType = image.jpeg; path = japanese_noodle_with_pork.jpg; sourceTree = "<group>"; };
		2FA82C4F1D76E20F0044F17E /* mushroom_risotto.jpg */ = {isa = PBXFileReference; lastKnownFileType = image.jpeg; path = mushroom_risotto.jpg; sourceTree = "<group>"; };
		2FA82C501D76E20F0044F17E /* noodle_with_bbq_pork.jpg */ = {isa = PBXFileReference; lastKnownFileType = image.jpeg; path = noodle_with_bbq_pork.jpg; sourceTree = "<group>"; };
		2FA82C511D76E20F0044F17E /* photo-frame.png */ = {isa = PBXFileReference; lastKnownFileType = image.png; path = "photo-frame.png"; sourceTree = "<group>"; };
		2FA82C521D76E20F0044F17E /* photo-frame@2x.png */ = {isa = PBXFileReference; lastKnownFileType = image.png; path = "photo-frame@2x.png"; sourceTree = "<group>"; };
		2FA82C531D76E20F0044F17E /* starbucks_coffee.jpg */ = {isa = PBXFileReference; lastKnownFileType = image.jpeg; path = starbucks_coffee.jpg; sourceTree = "<group>"; };
		2FA82C541D76E20F0044F17E /* thai_shrimp_cake.jpg */ = {isa = PBXFileReference; lastKnownFileType = image.jpeg; path = thai_shrimp_cake.jpg; sourceTree = "<group>"; };
		2FA82C551D76E20F0044F17E /* vegetable_curry.jpg */ = {isa = PBXFileReference; lastKnownFileType = image.jpeg; path = vegetable_curry.jpg; sourceTree = "<group>"; };
		2FA82C561D76E20F0044F17E /* white_chocolate_donut.jpg */ = {isa = PBXFileReference; lastKnownFileType = image.jpeg; path = white_chocolate_donut.jpg; sourceTree = "<group>"; };
		2FA82C6A1D76E5A90044F17E /* RecipeBookViewController.h */ = {isa = PBXFileReference; fileEncoding = 4; lastKnownFileType = sourcecode.c.h; path = RecipeBookViewController.h; sourceTree = "<group>"; };
		2FA82C6B1D76E5A90044F17E /* RecipeBookViewController.m */ = {isa = PBXFileReference; fileEncoding = 4; lastKnownFileType = sourcecode.c.objc; path = RecipeBookViewController.m; sourceTree = "<group>"; };
		2FA82C6E1D76F00D0044F17E /* button_back.png */ = {isa = PBXFileReference; lastKnownFileType = image.png; path = button_back.png; sourceTree = "<group>"; };
		2FA82C6F1D76F00D0044F17E /* button_normal.png */ = {isa = PBXFileReference; lastKnownFileType = image.png; path = button_normal.png; sourceTree = "<group>"; };
		2FA82C701D76F00D0044F17E /* cell_bottom.png */ = {isa = PBXFileReference; lastKnownFileType = image.png; path = cell_bottom.png; sourceTree = "<group>"; };
		2FA82C711D76F00D0044F17E /* cell_bottom@2x.png */ = {isa = PBXFileReference; lastKnownFileType = image.png; path = "cell_bottom@2x.png"; sourceTree = "<group>"; };
		2FA82C721D76F00D0044F17E /* cell_middle.png */ = {isa = PBXFileReference; lastKnownFileType = image.png; path = cell_middle.png; sourceTree = "<group>"; };
		2FA82C731D76F00D0044F17E /* cell_middle@2x.png */ = {isa = PBXFileReference; lastKnownFileType = image.png; path = "cell_middle@2x.png"; sourceTree = "<group>"; };
		2FA82C741D76F00D0044F17E /* cell_top.png */ = {isa = PBXFileReference; lastKnownFileType = image.png; path = cell_top.png; sourceTree = "<group>"; };
		2FA82C751D76F00D0044F17E /* cell_top@2x.png */ = {isa = PBXFileReference; lastKnownFileType = image.png; path = "cell_top@2x.png"; sourceTree = "<group>"; };
		2FA82C761D76F00D0044F17E /* cell_top_tile.png */ = {isa = PBXFileReference; lastKnownFileType = image.png; path = cell_top_tile.png; sourceTree = "<group>"; };
		2FA82C771D76F00D0044F17E /* common_bg.png */ = {isa = PBXFileReference; lastKnownFileType = image.png; path = common_bg.png; sourceTree = "<group>"; };
		2FA82C781D76F00D0044F17E /* common_bg@2x.png */ = {isa = PBXFileReference; lastKnownFileType = image.png; path = "common_bg@2x.png"; sourceTree = "<group>"; };
		2FA82C791D76F00D0044F17E /* egg_benedict.jpg */ = {isa = PBXFileReference; lastKnownFileType = image.jpeg; path = egg_benedict.jpg; sourceTree = "<group>"; };
		2FA82C7A1D76F00D0044F17E /* full_breakfast.jpg */ = {isa = PBXFileReference; lastKnownFileType = image.jpeg; path = full_breakfast.jpg; sourceTree = "<group>"; };
		2FA82C7B1D76F00D0044F17E /* ham_and_egg_sandwich.jpg */ = {isa = PBXFileReference; lastKnownFileType = image.jpeg; path = ham_and_egg_sandwich.jpg; sourceTree = "<group>"; };
		2FA82C7C1D76F00D0044F17E /* hamburger.jpg */ = {isa = PBXFileReference; lastKnownFileType = image.jpeg; path = hamburger.jpg; sourceTree = "<group>"; };
		2FA82C7D1D76F00D0044F17E /* mushroom_risotto.jpg */ = {isa = PBXFileReference; lastKnownFileType = image.jpeg; path = mushroom_risotto.jpg; sourceTree = "<group>"; };
		2FA82C7E1D76F00D0044F17E /* navbar_bg.png */ = {isa = PBXFileReference; lastKnownFileType = image.png; path = navbar_bg.png; sourceTree = "<group>"; };
		2FA82C7F1D76F00D0044F17E /* navbar_bg@2x.png */ = {isa = PBXFileReference; lastKnownFileType = image.png; path = "navbar_bg@2x.png"; sourceTree = "<group>"; };
		2FC864801D6DACD400F37DB3 /* Foundation.framework */ = {isa = PBXFileReference; lastKnownFileType = wrapper.framework; name = Foundation.framework; path = System/Library/Frameworks/Foundation.framework; sourceTree = SDKROOT; };
		2FC864821D6DACDD00F37DB3 /* CoreFoundation.framework */ = {isa = PBXFileReference; lastKnownFileType = wrapper.framework; name = CoreFoundation.framework; path = System/Library/Frameworks/CoreFoundation.framework; sourceTree = SDKROOT; };
		2FCA47BC1D5C47FB00ED7A36 /* Sample.app */ = {isa = PBXFileReference; explicitFileType = wrapper.application; includeInIndex = 0; path = Sample.app; sourceTree = BUILT_PRODUCTS_DIR; };
		2FCA47C01D5C47FB00ED7A36 /* main.m */ = {isa = PBXFileReference; lastKnownFileType = sourcecode.c.objc; path = main.m; sourceTree = "<group>"; };
		2FCA47C21D5C47FB00ED7A36 /* AppDelegate.h */ = {isa = PBXFileReference; lastKnownFileType = sourcecode.c.h; path = AppDelegate.h; sourceTree = "<group>"; };
		2FCA47C31D5C47FB00ED7A36 /* AppDelegate.m */ = {isa = PBXFileReference; lastKnownFileType = sourcecode.c.objc; path = AppDelegate.m; sourceTree = "<group>"; };
		2FCA47CB1D5C47FB00ED7A36 /* Assets.xcassets */ = {isa = PBXFileReference; lastKnownFileType = folder.assetcatalog; path = Assets.xcassets; sourceTree = "<group>"; };
		2FCA47CE1D5C47FB00ED7A36 /* Base */ = {isa = PBXFileReference; lastKnownFileType = file.storyboard; name = Base; path = Base.lproj/LaunchScreen.storyboard; sourceTree = "<group>"; };
		2FCA47D01D5C47FB00ED7A36 /* Info.plist */ = {isa = PBXFileReference; lastKnownFileType = text.plist.xml; path = Info.plist; sourceTree = "<group>"; };
		2FCA47D51D5C47FB00ED7A36 /* SampleTests.xctest */ = {isa = PBXFileReference; explicitFileType = wrapper.cfbundle; includeInIndex = 0; path = SampleTests.xctest; sourceTree = BUILT_PRODUCTS_DIR; };
		2FCA47D91D5C47FB00ED7A36 /* SampleTests.m */ = {isa = PBXFileReference; lastKnownFileType = sourcecode.c.objc; path = SampleTests.m; sourceTree = "<group>"; };
		2FCA47DB1D5C47FB00ED7A36 /* Info.plist */ = {isa = PBXFileReference; lastKnownFileType = text.plist.xml; path = Info.plist; sourceTree = "<group>"; };
		2FCC6C8F1D783EB200874D32 /* TableViewController.h */ = {isa = PBXFileReference; fileEncoding = 4; lastKnownFileType = sourcecode.c.h; path = TableViewController.h; sourceTree = "<group>"; };
		2FCC6C901D783EB200874D32 /* TableViewController.m */ = {isa = PBXFileReference; fileEncoding = 4; lastKnownFileType = sourcecode.c.objc; path = TableViewController.m; sourceTree = "<group>"; };
		2FCC6C921D783F5100874D32 /* FirstViewController.h */ = {isa = PBXFileReference; fileEncoding = 4; lastKnownFileType = sourcecode.c.h; path = FirstViewController.h; sourceTree = "<group>"; };
		2FCC6C931D783F5100874D32 /* FirstViewController.m */ = {isa = PBXFileReference; fileEncoding = 4; lastKnownFileType = sourcecode.c.objc; path = FirstViewController.m; sourceTree = "<group>"; };
/* End PBXFileReference section */

/* Begin PBXFrameworksBuildPhase section */
		2FCA47B91D5C47FB00ED7A36 /* Frameworks */ = {
			isa = PBXFrameworksBuildPhase;
			buildActionMask = 2147483647;
			files = (
				2F7535D51D757402004FD578 /* libz.tbd in Frameworks */,
				2FC864831D6DACDD00F37DB3 /* CoreFoundation.framework in Frameworks */,
				2FC864811D6DACD400F37DB3 /* Foundation.framework in Frameworks */,
				2F3E8DA21D6C459200937489 /* MobileCoreServices.framework in Frameworks */,
				2F3E8DA01D6C397000937489 /* CoreLocation.framework in Frameworks */,
				2F3E8D981D6C358C00937489 /* MapKit.framework in Frameworks */,
				2F7535D71D757499004FD578 /* libZipArchive-ios.a in Frameworks */,
				2F0976751D62F8CC0069E8F5 /* libsqlite3.tbd in Frameworks */,
			);
			runOnlyForDeploymentPostprocessing = 0;
		};
		2FCA47D21D5C47FB00ED7A36 /* Frameworks */ = {
			isa = PBXFrameworksBuildPhase;
			buildActionMask = 2147483647;
			files = (
			);
			runOnlyForDeploymentPostprocessing = 0;
		};
/* End PBXFrameworksBuildPhase section */

/* Begin PBXGroup section */
		2F1E9B6F1D5CAF2F00857B79 /* CoreLib */ = {
			isa = PBXGroup;
			children = (
				2F629E291D704C750080527C /* FMDatabase.h */,
				2F629E2A1D704C750080527C /* FMDatabase.m */,
				2F629E2B1D704C750080527C /* FMDatabaseAdditions.h */,
				2F629E2C1D704C750080527C /* FMDatabaseAdditions.m */,
				2F629E2D1D704C750080527C /* FMDatabasePool.h */,
				2F629E2E1D704C750080527C /* FMDatabasePool.m */,
				2F629E2F1D704C750080527C /* FMDatabaseQueue.h */,
				2F629E301D704C750080527C /* FMDatabaseQueue.m */,
				2F629E311D704C750080527C /* fmdb.m */,
				2F629E321D704C750080527C /* FMResultSet.h */,
				2F629E331D704C750080527C /* FMResultSet.m */,
				2F629E341D704C750080527C /* SQLiteManager.h */,
				2F629E351D704C750080527C /* SQLiteManager.m */,
			);
			path = CoreLib;
			sourceTree = "<group>";
		};
		2F1E9B901D5CB53800857B79 /* Xml Lib */ = {
			isa = PBXGroup;
			children = (
				2F629E431D704CA10080527C /* XMLReader.h */,
				2F629E441D704CA10080527C /* XMLReader.m */,
				2F629E451D704CA10080527C /* XMLWriter.h */,
				2F629E461D704CA10080527C /* XMLWriter.m */,
			);
			name = "Xml Lib";
			sourceTree = "<group>";
		};
		2F629E641D704E650080527C /* AFNetworking */ = {
			isa = PBXGroup;
			children = (
				2F629E4B1D704E570080527C /* AFHTTPClient.h */,
				2F629E4C1D704E570080527C /* AFHTTPClient.m */,
				2F629E4D1D704E570080527C /* AFHTTPRequestOperation.h */,
				2F629E4E1D704E570080527C /* AFHTTPRequestOperation.m */,
				2F629E4F1D704E570080527C /* AFImageRequestOperation.h */,
				2F629E501D704E570080527C /* AFImageRequestOperation.m */,
				2F629E511D704E570080527C /* AFJSONRequestOperation.h */,
				2F629E521D704E570080527C /* AFJSONRequestOperation.m */,
				2F629E531D704E570080527C /* AFNetworkActivityIndicatorManager.h */,
				2F629E541D704E580080527C /* AFNetworkActivityIndicatorManager.m */,
				2F629E551D704E580080527C /* AFNetworking.h */,
				2F629E561D704E580080527C /* AFPropertyListRequestOperation.h */,
				2F629E571D704E580080527C /* AFPropertyListRequestOperation.m */,
				2F629E581D704E580080527C /* AFURLConnectionOperation.h */,
				2F629E591D704E580080527C /* AFURLConnectionOperation.m */,
				2F629E5A1D704E580080527C /* AFXMLRequestOperation.h */,
				2F629E5B1D704E580080527C /* AFXMLRequestOperation.m */,
			);
			name = AFNetworking;
			sourceTree = "<group>";
		};
		2F7536381D759588004FD578 /* MiniZip */ = {
			isa = PBXGroup;
			children = (
				2F7536391D759588004FD578 /* adler32.c */,
				2F75363A1D759588004FD578 /* compress.c */,
				2F75363B1D759588004FD578 /* crc32.c */,
				2F75363C1D759588004FD578 /* crc32.h */,
				2F75363D1D759588004FD578 /* deflate.c */,
				2F75363E1D759588004FD578 /* deflate.h */,
				2F75363F1D759588004FD578 /* gzio.c */,
				2F7536401D759588004FD578 /* infback.c */,
				2F7536411D759588004FD578 /* inffast.c */,
				2F7536421D759588004FD578 /* inffast.h */,
				2F7536431D759588004FD578 /* inffixed.h */,
				2F7536441D759588004FD578 /* inflate.c */,
				2F7536451D759588004FD578 /* inflate.h */,
				2F7536461D759588004FD578 /* inftrees.c */,
				2F7536471D759588004FD578 /* inftrees.h */,
				2F7536481D759588004FD578 /* trees.c */,
				2F7536491D759588004FD578 /* trees.h */,
			);
			path = MiniZip;
			sourceTree = "<group>";
		};
		2F7536541D75958E004FD578 /* Ziplib */ = {
			isa = PBXGroup;
			children = (
				2F7536551D75958E004FD578 /* crypt.h */,
				2F7536561D75958E004FD578 /* ioapi.c */,
				2F7536571D75958E004FD578 /* ioapi.h */,
				2F7536581D75958E004FD578 /* mztools.c */,
				2F7536591D75958E004FD578 /* mztools.h */,
				2F75365A1D75958E004FD578 /* uncompr.c */,
				2F75365B1D75958E004FD578 /* unzip.c */,
				2F75365C1D75958E004FD578 /* unzip.h */,
				2F75365D1D75958E004FD578 /* zconf.h */,
				2F75365E1D75958E004FD578 /* zip.c */,
				2F75365F1D75958E004FD578 /* zip.h */,
				2F7536601D75958E004FD578 /* zlib.h */,
				2F7536611D75958E004FD578 /* zutil.c */,
				2F7536621D75958E004FD578 /* zutil.h */,
			);
			name = Ziplib;
			path = MiniZip/Ziplib;
			sourceTree = "<group>";
		};
		2FA82C431D76E20E0044F17E /* Images1 */ = {
			isa = PBXGroup;
			children = (
				2F7535FF1D759085004FD578 /* images.jpg */,
				2F7536001D759085004FD578 /* images1.jpg */,
				2F7535E31D758DCD004FD578 /* Images2.jpg */,
				2F7535E41D758DCD004FD578 /* images3.jpg */,
				2F7535E51D758DCD004FD578 /* images4.jpg */,
				2F7535E61D758DCD004FD578 /* images5.jpg */,
				2F7535E71D758DCD004FD578 /* images6.jpg */,
				2F7535DF1D758BB0004FD578 /* images7.jpg */,
				2F7535EF1D758F28004FD578 /* images8.jpg */,
				2F7535F01D758F28004FD578 /* images9.jpg */,
				2F7535F11D758F28004FD578 /* images10.jpg */,
				2F7535F21D758F28004FD578 /* images11.jpg */,
				2F7535F31D758F28004FD578 /* images12.jpg */,
				2F7535F41D758F28004FD578 /* images13.jpg */,
				2F7535F51D758F28004FD578 /* images14.jpg */,
				2F7535F61D758F28004FD578 /* images15.jpg */,
				2FA82C441D76E20F0044F17E /* about.jpg */,
				2FA82C451D76E20F0044F17E /* angry_birds_cake.jpg */,
				2FA82C461D76E20F0044F17E /* creme_brelee.jpg */,
				2FA82C471D76E20F0044F17E /* egg_benedict.jpg */,
				2FA82C481D76E20F0044F17E /* full_breakfast.jpg */,
				2FA82C491D76E20F0044F17E /* green_tea.jpg */,
				2FA82C4A1D76E20F0044F17E /* ham_and_cheese_panini.jpg */,
				2FA82C4B1D76E20F0044F17E /* ham_and_egg_sandwich.jpg */,
				2FA82C4C1D76E20F0044F17E /* hamburger.jpg */,
				2FA82C4D1D76E20F0044F17E /* instant_noodle_with_egg.jpg */,
				2FA82C4E1D76E20F0044F17E /* japanese_noodle_with_pork.jpg */,
				2FA82C4F1D76E20F0044F17E /* mushroom_risotto.jpg */,
				2FA82C501D76E20F0044F17E /* noodle_with_bbq_pork.jpg */,
				2FA82C511D76E20F0044F17E /* photo-frame.png */,
				2FA82C521D76E20F0044F17E /* photo-frame@2x.png */,
				2FA82C531D76E20F0044F17E /* starbucks_coffee.jpg */,
				2FA82C541D76E20F0044F17E /* thai_shrimp_cake.jpg */,
				2FA82C551D76E20F0044F17E /* vegetable_curry.jpg */,
				2FA82C561D76E20F0044F17E /* white_chocolate_donut.jpg */,
			);
			path = Images1;
			sourceTree = "<group>";
		};
		2FA82C6D1D76F00D0044F17E /* images */ = {
			isa = PBXGroup;
			children = (
				2FA82C6E1D76F00D0044F17E /* button_back.png */,
				2FA82C6F1D76F00D0044F17E /* button_normal.png */,
				2FA82C701D76F00D0044F17E /* cell_bottom.png */,
				2FA82C711D76F00D0044F17E /* cell_bottom@2x.png */,
				2FA82C721D76F00D0044F17E /* cell_middle.png */,
				2FA82C731D76F00D0044F17E /* cell_middle@2x.png */,
				2FA82C741D76F00D0044F17E /* cell_top.png */,
				2FA82C751D76F00D0044F17E /* cell_top@2x.png */,
				2FA82C761D76F00D0044F17E /* cell_top_tile.png */,
				2FA82C771D76F00D0044F17E /* common_bg.png */,
				2FA82C781D76F00D0044F17E /* common_bg@2x.png */,
				2FA82C791D76F00D0044F17E /* egg_benedict.jpg */,
				2FA82C7A1D76F00D0044F17E /* full_breakfast.jpg */,
				2FA82C7B1D76F00D0044F17E /* ham_and_egg_sandwich.jpg */,
				2FA82C7C1D76F00D0044F17E /* hamburger.jpg */,
				2FA82C7D1D76F00D0044F17E /* mushroom_risotto.jpg */,
				2FA82C7E1D76F00D0044F17E /* navbar_bg.png */,
				2FA82C7F1D76F00D0044F17E /* navbar_bg@2x.png */,
			);
			path = images;
			sourceTree = "<group>";
		};
		2FC864841D6DACE700F37DB3 /* Frameworks */ = {
			isa = PBXGroup;
			children = (
				2F3E8DA11D6C459200937489 /* MobileCoreServices.framework */,
				2F3E8D9F1D6C397000937489 /* CoreLocation.framework */,
				2F3E8D971D6C358C00937489 /* MapKit.framework */,
				2FC864821D6DACDD00F37DB3 /* CoreFoundation.framework */,
				2FC864801D6DACD400F37DB3 /* Foundation.framework */,
			);
			name = Frameworks;
			sourceTree = "<group>";
		};
		2FCA47B31D5C47FB00ED7A36 = {
			isa = PBXGroup;
			children = (
				2F7535D81D75749F004FD578 /* ZipArchive.h */,
				2F1E9B841D5CAF4600857B79 /* libsqlite3.tbd */,
				2F7535D61D757499004FD578 /* libZipArchive-ios.a */,
				2F20DE1C1D6B122C00D4C88F /* Books.sqlite */,
				2F629E051D7011F30080527C /* Books.xml */,
				2F20DE261D6B1A9200D4C88F /* Read.xml */,
				2F629EDE1D706D4B0080527C /* libz.tbd */,
				2F629E271D704B550080527C /* New.xml */,
				2F7536691D759596004FD578 /* SSZipArchive.h */,
				2F75366A1D759596004FD578 /* SSZipArchive.m */,
				2F75366B1D759596004FD578 /* ZipArchive.h */,
				2F75366C1D759596004FD578 /* ZipArchive.m */,
				2F7536541D75958E004FD578 /* Ziplib */,
				2F7536381D759588004FD578 /* MiniZip */,
				2F629E641D704E650080527C /* AFNetworking */,
				2F1E9B901D5CB53800857B79 /* Xml Lib */,
				2F1E9B6F1D5CAF2F00857B79 /* CoreLib */,
				2FCA47BE1D5C47FB00ED7A36 /* Sample */,
				2FCA47D81D5C47FB00ED7A36 /* SampleTests */,
				2FCA47BD1D5C47FB00ED7A36 /* Products */,
				2FC864841D6DACE700F37DB3 /* Frameworks */,
			);
			sourceTree = "<group>";
		};
		2FCA47BD1D5C47FB00ED7A36 /* Products */ = {
			isa = PBXGroup;
			children = (
				2FCA47BC1D5C47FB00ED7A36 /* Sample.app */,
				2FCA47D51D5C47FB00ED7A36 /* SampleTests.xctest */,
			);
			name = Products;
			sourceTree = "<group>";
		};
		2FCA47BE1D5C47FB00ED7A36 /* Sample */ = {
			isa = PBXGroup;
			children = (
				2FCA47C21D5C47FB00ED7A36 /* AppDelegate.h */,
				2FCA47C31D5C47FB00ED7A36 /* AppDelegate.m */,
				2F20DE201D6B124500D4C88F /* ViewController.h */,
				2F20DE211D6B124500D4C88F /* ViewController.m */,
				2F7535D91D7574CB004FD578 /* ZipManager.h */,
				2F7535DA1D7574D0004FD578 /* ZipManager.m */,
				2F20DE221D6B124500D4C88F /* Book.h */,
				2F20DE231D6B124500D4C88F /* Book.m */,
				2FA82BEF1D76B32C0044F17E /* Recipe.h */,
				2FA82BF01D76B32C0044F17E /* Recipe.m */,
				2FA82C6A1D76E5A90044F17E /* RecipeBookViewController.h */,
				2FA82C6B1D76E5A90044F17E /* RecipeBookViewController.m */,
				2FA82C3F1D76E09E0044F17E /* RecipeDetailViewController.h */,
				2FA82C401D76E09E0044F17E /* RecipeDetailViewController.m */,
				2FCC6C8F1D783EB200874D32 /* TableViewController.h */,
				2FCC6C901D783EB200874D32 /* TableViewController.m */,
				2FCC6C921D783F5100874D32 /* FirstViewController.h */,
				2FCC6C931D783F5100874D32 /* FirstViewController.m */,
				2F2A9F4F1D6AC28300D6BCAD /* Main.storyboard */,
				2FCA47CB1D5C47FB00ED7A36 /* Assets.xcassets */,
				2FA82C6D1D76F00D0044F17E /* images */,
				2FA82C431D76E20E0044F17E /* Images1 */,
				2FCA47CD1D5C47FB00ED7A36 /* LaunchScreen.storyboard */,
				2FCA47D01D5C47FB00ED7A36 /* Info.plist */,
				2F3E8DA31D6C57C200937489 /* user.jpg */,
				2FCA47BF1D5C47FB00ED7A36 /* Supporting Files */,
			);
			path = Sample;
			sourceTree = "<group>";
		};
		2FCA47BF1D5C47FB00ED7A36 /* Supporting Files */ = {
			isa = PBXGroup;
			children = (
				2FCA47C01D5C47FB00ED7A36 /* main.m */,
			);
			name = "Supporting Files";
			sourceTree = "<group>";
		};
		2FCA47D81D5C47FB00ED7A36 /* SampleTests */ = {
			isa = PBXGroup;
			children = (
				2FCA47D91D5C47FB00ED7A36 /* SampleTests.m */,
				2FCA47DB1D5C47FB00ED7A36 /* Info.plist */,
			);
			path = SampleTests;
			sourceTree = "<group>";
		};
/* End PBXGroup section */

/* Begin PBXNativeTarget section */
		2FCA47BB1D5C47FB00ED7A36 /* Sample */ = {
			isa = PBXNativeTarget;
			buildConfigurationList = 2FCA47DE1D5C47FB00ED7A36 /* Build configuration list for PBXNativeTarget "Sample" */;
			buildPhases = (
				2FCA47B81D5C47FB00ED7A36 /* Sources */,
				2FCA47B91D5C47FB00ED7A36 /* Frameworks */,
				2FCA47BA1D5C47FB00ED7A36 /* Resources */,
			);
			buildRules = (
			);
			dependencies = (
			);
			name = Sample;
			productName = Sample;
			productReference = 2FCA47BC1D5C47FB00ED7A36 /* Sample.app */;
			productType = "com.apple.product-type.application";
		};
		2FCA47D41D5C47FB00ED7A36 /* SampleTests */ = {
			isa = PBXNativeTarget;
			buildConfigurationList = 2FCA47E11D5C47FB00ED7A36 /* Build configuration list for PBXNativeTarget "SampleTests" */;
			buildPhases = (
				2FCA47D11D5C47FB00ED7A36 /* Sources */,
				2FCA47D21D5C47FB00ED7A36 /* Frameworks */,
				2FCA47D31D5C47FB00ED7A36 /* Resources */,
			);
			buildRules = (
			);
			dependencies = (
				2FCA47D71D5C47FB00ED7A36 /* PBXTargetDependency */,
			);
			name = SampleTests;
			productName = SampleTests;
			productReference = 2FCA47D51D5C47FB00ED7A36 /* SampleTests.xctest */;
			productType = "com.apple.product-type.bundle.unit-test";
		};
/* End PBXNativeTarget section */

/* Begin PBXProject section */
		2FCA47B41D5C47FB00ED7A36 /* Project object */ = {
			isa = PBXProject;
			attributes = {
				LastUpgradeCheck = 0730;
				ORGANIZATIONNAME = vignesh;
				TargetAttributes = {
					2FCA47BB1D5C47FB00ED7A36 = {
						CreatedOnToolsVersion = 7.3;
					};
					2FCA47D41D5C47FB00ED7A36 = {
						CreatedOnToolsVersion = 7.3;
						TestTargetID = 2FCA47BB1D5C47FB00ED7A36;
					};
				};
			};
			buildConfigurationList = 2FCA47B71D5C47FB00ED7A36 /* Build configuration list for PBXProject "Sample" */;
			compatibilityVersion = "Xcode 3.2";
			developmentRegion = English;
			hasScannedForEncodings = 0;
			knownRegions = (
				en,
				Base,
			);
			mainGroup = 2FCA47B31D5C47FB00ED7A36;
			productRefGroup = 2FCA47BD1D5C47FB00ED7A36 /* Products */;
			projectDirPath = "";
			projectRoot = "";
			targets = (
				2FCA47BB1D5C47FB00ED7A36 /* Sample */,
				2FCA47D41D5C47FB00ED7A36 /* SampleTests */,
			);
		};
/* End PBXProject section */

/* Begin PBXResourcesBuildPhase section */
		2FCA47BA1D5C47FB00ED7A36 /* Resources */ = {
			isa = PBXResourcesBuildPhase;
			buildActionMask = 2147483647;
			files = (
				2F7536011D759085004FD578 /* images.jpg in Resources */,
				2F7535EC1D758DCD004FD578 /* images4.jpg in Resources */,
				2FA82C601D76E20F0044F17E /* instant_noodle_with_egg.jpg in Resources */,
				2FA82C891D76F00D0044F17E /* common_bg.png in Resources */,
				2FA82C851D76F00D0044F17E /* cell_middle@2x.png in Resources */,
				2FA82C691D76E20F0044F17E /* white_chocolate_donut.jpg in Resources */,
				2F629E281D704B550080527C /* New.xml in Resources */,
				2F7535FB1D758F28004FD578 /* images12.jpg in Resources */,
				2FA82C5F1D76E20F0044F17E /* hamburger.jpg in Resources */,
				2FA82C671D76E20F0044F17E /* thai_shrimp_cake.jpg in Resources */,
				2F2A9F501D6AC28300D6BCAD /* Main.storyboard in Resources */,
				2F7535EB1D758DCD004FD578 /* images3.jpg in Resources */,
				2FA82C581D76E20F0044F17E /* angry_birds_cake.jpg in Resources */,
				2FA82C8D1D76F00D0044F17E /* ham_and_egg_sandwich.jpg in Resources */,
				2FA82C911D76F00D0044F17E /* navbar_bg@2x.png in Resources */,
				2FA82C631D76E20F0044F17E /* noodle_with_bbq_pork.jpg in Resources */,
				2FA82C8C1D76F00D0044F17E /* full_breakfast.jpg in Resources */,
				2F629E061D7011F30080527C /* Books.xml in Resources */,
				2FA82C591D76E20F0044F17E /* creme_brelee.jpg in Resources */,
				2F7535F91D758F28004FD578 /* images10.jpg in Resources */,
				2F7535FA1D758F28004FD578 /* images11.jpg in Resources */,
				2FA82C841D76F00D0044F17E /* cell_middle.png in Resources */,
				2FA82C8E1D76F00D0044F17E /* hamburger.jpg in Resources */,
				2FA82C821D76F00D0044F17E /* cell_bottom.png in Resources */,
				2FA82C861D76F00D0044F17E /* cell_top.png in Resources */,
				2FA82C871D76F00D0044F17E /* cell_top@2x.png in Resources */,
				2F7535EE1D758DCD004FD578 /* images6.jpg in Resources */,
				2F3E8DA41D6C57C200937489 /* user.jpg in Resources */,
				2FA82C641D76E20F0044F17E /* photo-frame.png in Resources */,
				2FCA47CF1D5C47FB00ED7A36 /* LaunchScreen.storyboard in Resources */,
				2FA82C8B1D76F00D0044F17E /* egg_benedict.jpg in Resources */,
				2FA82C621D76E20F0044F17E /* mushroom_risotto.jpg in Resources */,
				2F20DE1E1D6B122C00D4C88F /* Books.sqlite in Resources */,
				2FA82C801D76F00D0044F17E /* button_back.png in Resources */,
				2FA82C8F1D76F00D0044F17E /* mushroom_risotto.jpg in Resources */,
				2FA82C681D76E20F0044F17E /* vegetable_curry.jpg in Resources */,
				2FA82C661D76E20F0044F17E /* starbucks_coffee.jpg in Resources */,
				2FA82C5D1D76E20F0044F17E /* ham_and_cheese_panini.jpg in Resources */,
				2F7535FD1D758F28004FD578 /* images14.jpg in Resources */,
				2FA82C901D76F00D0044F17E /* navbar_bg.png in Resources */,
				2FA82C831D76F00D0044F17E /* cell_bottom@2x.png in Resources */,
				2FA82C811D76F00D0044F17E /* button_normal.png in Resources */,
				2FA82C5E1D76E20F0044F17E /* ham_and_egg_sandwich.jpg in Resources */,
				2FA82C611D76E20F0044F17E /* japanese_noodle_with_pork.jpg in Resources */,
				2F7535F81D758F28004FD578 /* images9.jpg in Resources */,
				2F20DE271D6B1A9200D4C88F /* Read.xml in Resources */,
				2FA82C5B1D76E20F0044F17E /* full_breakfast.jpg in Resources */,
				2F7535ED1D758DCD004FD578 /* images5.jpg in Resources */,
				2FA82C5A1D76E20F0044F17E /* egg_benedict.jpg in Resources */,
				2F7536021D759085004FD578 /* images1.jpg in Resources */,
				2FCA47CC1D5C47FB00ED7A36 /* Assets.xcassets in Resources */,
				2F7535EA1D758DCD004FD578 /* Images2.jpg in Resources */,
				2FA82C5C1D76E20F0044F17E /* green_tea.jpg in Resources */,
				2FA82C651D76E20F0044F17E /* photo-frame@2x.png in Resources */,
				2FA82C571D76E20F0044F17E /* about.jpg in Resources */,
				2FA82C8A1D76F00D0044F17E /* common_bg@2x.png in Resources */,
				2F7535FC1D758F28004FD578 /* images13.jpg in Resources */,
				2F7535F71D758F28004FD578 /* images8.jpg in Resources */,
				2F7535E01D758BB0004FD578 /* images7.jpg in Resources */,
				2F7535FE1D758F28004FD578 /* images15.jpg in Resources */,
				2FA82C881D76F00D0044F17E /* cell_top_tile.png in Resources */,
			);
			runOnlyForDeploymentPostprocessing = 0;
		};
		2FCA47D31D5C47FB00ED7A36 /* Resources */ = {
			isa = PBXResourcesBuildPhase;
			buildActionMask = 2147483647;
			files = (
			);
			runOnlyForDeploymentPostprocessing = 0;
		};
/* End PBXResourcesBuildPhase section */

/* Begin PBXSourcesBuildPhase section */
		2FCA47B81D5C47FB00ED7A36 /* Sources */ = {
			isa = PBXSourcesBuildPhase;
			buildActionMask = 2147483647;
			files = (
				2F629E5E1D704E580080527C /* AFImageRequestOperation.m in Sources */,
				2F629E5D1D704E580080527C /* AFHTTPRequestOperation.m in Sources */,
				2F75366D1D759596004FD578 /* SSZipArchive.m in Sources */,
				2F629E361D704C750080527C /* FMDatabase.m in Sources */,
				2FCA47C41D5C47FB00ED7A36 /* AppDelegate.m in Sources */,
				2F629E631D704E580080527C /* AFXMLRequestOperation.m in Sources */,
				2F75364D1D759588004FD578 /* deflate.c in Sources */,
				2F629E601D704E580080527C /* AFNetworkActivityIndicatorManager.m in Sources */,
				2F20DE251D6B124500D4C88F /* Book.m in Sources */,
				2F7536681D75958E004FD578 /* zutil.c in Sources */,
				2F75364B1D759588004FD578 /* compress.c in Sources */,
				2FCC6C911D783EB200874D32 /* TableViewController.m in Sources */,
				2F629E611D704E580080527C /* AFPropertyListRequestOperation.m in Sources */,
				2F629E481D704CA10080527C /* XMLWriter.m in Sources */,
				2F20DE241D6B124500D4C88F /* ViewController.m in Sources */,
				2F7536671D75958E004FD578 /* zip.c in Sources */,
				2FCA47C11D5C47FB00ED7A36 /* main.m in Sources */,
				2F629E621D704E580080527C /* AFURLConnectionOperation.m in Sources */,
				2F629E471D704CA10080527C /* XMLReader.m in Sources */,
				2F75364E1D759588004FD578 /* gzio.c in Sources */,
				2FA82C411D76E09E0044F17E /* RecipeDetailViewController.m in Sources */,
				2F7536501D759588004FD578 /* inffast.c in Sources */,
				2F7536651D75958E004FD578 /* uncompr.c in Sources */,
				2F7536661D75958E004FD578 /* unzip.c in Sources */,
				2F75364F1D759588004FD578 /* infback.c in Sources */,
				2F629E371D704C750080527C /* FMDatabaseAdditions.m in Sources */,
				2F629E5C1D704E580080527C /* AFHTTPClient.m in Sources */,
				2F629E3B1D704C750080527C /* FMResultSet.m in Sources */,
				2F629E391D704C750080527C /* FMDatabaseQueue.m in Sources */,
				2F75364C1D759588004FD578 /* crc32.c in Sources */,
				2F7536521D759588004FD578 /* inftrees.c in Sources */,
				2F7536641D75958E004FD578 /* mztools.c in Sources */,
				2F629E381D704C750080527C /* FMDatabasePool.m in Sources */,
				2F629E5F1D704E580080527C /* AFJSONRequestOperation.m in Sources */,
				2F7536531D759588004FD578 /* trees.c in Sources */,
				2FA82C6C1D76E5A90044F17E /* RecipeBookViewController.m in Sources */,
				2FCC6C941D783F5100874D32 /* FirstViewController.m in Sources */,
				2F75364A1D759588004FD578 /* adler32.c in Sources */,
				2F629E3C1D704C750080527C /* SQLiteManager.m in Sources */,
				2FA82BF11D76B32C0044F17E /* Recipe.m in Sources */,
				2F75366E1D759596004FD578 /* ZipArchive.m in Sources */,
				2F7536631D75958E004FD578 /* ioapi.c in Sources */,
				2F7535DB1D7574D0004FD578 /* ZipManager.m in Sources */,
				2F7536511D759588004FD578 /* inflate.c in Sources */,
			);
			runOnlyForDeploymentPostprocessing = 0;
		};
		2FCA47D11D5C47FB00ED7A36 /* Sources */ = {
			isa = PBXSourcesBuildPhase;
			buildActionMask = 2147483647;
			files = (
				2FCA47DA1D5C47FB00ED7A36 /* SampleTests.m in Sources */,
			);
			runOnlyForDeploymentPostprocessing = 0;
		};
/* End PBXSourcesBuildPhase section */

/* Begin PBXTargetDependency section */
		2FCA47D71D5C47FB00ED7A36 /* PBXTargetDependency */ = {
			isa = PBXTargetDependency;
			target = 2FCA47BB1D5C47FB00ED7A36 /* Sample */;
			targetProxy = 2FCA47D61D5C47FB00ED7A36 /* PBXContainerItemProxy */;
		};
/* End PBXTargetDependency section */

/* Begin PBXVariantGroup section */
		2FCA47CD1D5C47FB00ED7A36 /* LaunchScreen.storyboard */ = {
			isa = PBXVariantGroup;
			children = (
				2FCA47CE1D5C47FB00ED7A36 /* Base */,
			);
			name = LaunchScreen.storyboard;
			sourceTree = "<group>";
		};
/* End PBXVariantGroup section */

/* Begin XCBuildConfiguration section */
		2FCA47DC1D5C47FB00ED7A36 /* Debug */ = {
			isa = XCBuildConfiguration;
			buildSettings = {
				ALWAYS_SEARCH_USER_PATHS = NO;
				CLANG_ANALYZER_NONNULL = YES;
				CLANG_CXX_LANGUAGE_STANDARD = "gnu++0x";
				CLANG_CXX_LIBRARY = "libc++";
				CLANG_ENABLE_MODULES = YES;
				CLANG_ENABLE_OBJC_ARC = YES;
				CLANG_WARN_BOOL_CONVERSION = YES;
				CLANG_WARN_CONSTANT_CONVERSION = YES;
				CLANG_WARN_DIRECT_OBJC_ISA_USAGE = YES_ERROR;
				CLANG_WARN_EMPTY_BODY = YES;
				CLANG_WARN_ENUM_CONVERSION = YES;
				CLANG_WARN_INT_CONVERSION = YES;
				CLANG_WARN_OBJC_ROOT_CLASS = YES_ERROR;
				CLANG_WARN_UNREACHABLE_CODE = YES;
				CLANG_WARN__DUPLICATE_METHOD_MATCH = YES;
				"CODE_SIGN_IDENTITY[sdk=iphoneos*]" = "iPhone Developer";
				COPY_PHASE_STRIP = NO;
				DEBUG_INFORMATION_FORMAT = dwarf;
				ENABLE_STRICT_OBJC_MSGSEND = YES;
				ENABLE_TESTABILITY = YES;
				GCC_C_LANGUAGE_STANDARD = gnu99;
				GCC_DYNAMIC_NO_PIC = NO;
				GCC_NO_COMMON_BLOCKS = YES;
				GCC_OPTIMIZATION_LEVEL = 0;
				GCC_PREPROCESSOR_DEFINITIONS = (
					"DEBUG=1",
					"$(inherited)",
				);
				GCC_WARN_64_TO_32_BIT_CONVERSION = YES;
				GCC_WARN_ABOUT_RETURN_TYPE = YES_ERROR;
				GCC_WARN_UNDECLARED_SELECTOR = YES;
				GCC_WARN_UNINITIALIZED_AUTOS = YES_AGGRESSIVE;
				GCC_WARN_UNUSED_FUNCTION = YES;
				GCC_WARN_UNUSED_VARIABLE = YES;
				IPHONEOS_DEPLOYMENT_TARGET = 9.3;
				MTL_ENABLE_DEBUG_INFO = YES;
				ONLY_ACTIVE_ARCH = YES;
				SDKROOT = iphoneos;
			};
			name = Debug;
		};
		2FCA47DD1D5C47FB00ED7A36 /* Release */ = {
			isa = XCBuildConfiguration;
			buildSettings = {
				ALWAYS_SEARCH_USER_PATHS = NO;
				CLANG_ANALYZER_NONNULL = YES;
				CLANG_CXX_LANGUAGE_STANDARD = "gnu++0x";
				CLANG_CXX_LIBRARY = "libc++";
				CLANG_ENABLE_MODULES = YES;
				CLANG_ENABLE_OBJC_ARC = YES;
				CLANG_WARN_BOOL_CONVERSION = YES;
				CLANG_WARN_CONSTANT_CONVERSION = YES;
				CLANG_WARN_DIRECT_OBJC_ISA_USAGE = YES_ERROR;
				CLANG_WARN_EMPTY_BODY = YES;
				CLANG_WARN_ENUM_CONVERSION = YES;
				CLANG_WARN_INT_CONVERSION = YES;
				CLANG_WARN_OBJC_ROOT_CLASS = YES_ERROR;
				CLANG_WARN_UNREACHABLE_CODE = YES;
				CLANG_WARN__DUPLICATE_METHOD_MATCH = YES;
				"CODE_SIGN_IDENTITY[sdk=iphoneos*]" = "iPhone Developer";
				COPY_PHASE_STRIP = NO;
				DEBUG_INFORMATION_FORMAT = "dwarf-with-dsym";
				ENABLE_NS_ASSERTIONS = NO;
				ENABLE_STRICT_OBJC_MSGSEND = YES;
				GCC_C_LANGUAGE_STANDARD = gnu99;
				GCC_NO_COMMON_BLOCKS = YES;
				GCC_WARN_64_TO_32_BIT_CONVERSION = YES;
				GCC_WARN_ABOUT_RETURN_TYPE = YES_ERROR;
				GCC_WARN_UNDECLARED_SELECTOR = YES;
				GCC_WARN_UNINITIALIZED_AUTOS = YES_AGGRESSIVE;
				GCC_WARN_UNUSED_FUNCTION = YES;
				GCC_WARN_UNUSED_VARIABLE = YES;
				IPHONEOS_DEPLOYMENT_TARGET = 9.3;
				MTL_ENABLE_DEBUG_INFO = NO;
				SDKROOT = iphoneos;
				VALIDATE_PRODUCT = YES;
			};
			name = Release;
		};
		2FCA47DF1D5C47FB00ED7A36 /* Debug */ = {
			isa = XCBuildConfiguration;
			buildSettings = {
				ASSETCATALOG_COMPILER_APPICON_NAME = AppIcon;
				INFOPLIST_FILE = Sample/Info.plist;
				LD_RUNPATH_SEARCH_PATHS = "$(inherited) @executable_path/Frameworks";
				LIBRARY_SEARCH_PATHS = (
					"$(inherited)",
					"$(PROJECT_DIR)",
				);
				PRODUCT_BUNDLE_IDENTIFIER = com.Solvedge.Sample;
				PRODUCT_NAME = "$(TARGET_NAME)";
			};
			name = Debug;
		};
		2FCA47E01D5C47FB00ED7A36 /* Release */ = {
			isa = XCBuildConfiguration;
			buildSettings = {
				ASSETCATALOG_COMPILER_APPICON_NAME = AppIcon;
				INFOPLIST_FILE = Sample/Info.plist;
				LD_RUNPATH_SEARCH_PATHS = "$(inherited) @executable_path/Frameworks";
				LIBRARY_SEARCH_PATHS = (
					"$(inherited)",
					"$(PROJECT_DIR)",
				);
				PRODUCT_BUNDLE_IDENTIFIER = com.Solvedge.Sample;
				PRODUCT_NAME = "$(TARGET_NAME)";
			};
			name = Release;
		};
		2FCA47E21D5C47FB00ED7A36 /* Debug */ = {
			isa = XCBuildConfiguration;
			buildSettings = {
				BUNDLE_LOADER = "$(TEST_HOST)";
				INFOPLIST_FILE = SampleTests/Info.plist;
				LD_RUNPATH_SEARCH_PATHS = "$(inherited) @executable_path/Frameworks @loader_path/Frameworks";
				PRODUCT_BUNDLE_IDENTIFIER = com.Solvedge.SampleTests;
				PRODUCT_NAME = "$(TARGET_NAME)";
				TEST_HOST = "$(BUILT_PRODUCTS_DIR)/Sample.app/Sample";
			};
			name = Debug;
		};
		2FCA47E31D5C47FB00ED7A36 /* Release */ = {
			isa = XCBuildConfiguration;
			buildSettings = {
				BUNDLE_LOADER = "$(TEST_HOST)";
				INFOPLIST_FILE = SampleTests/Info.plist;
				LD_RUNPATH_SEARCH_PATHS = "$(inherited) @executable_path/Frameworks @loader_path/Frameworks";
				PRODUCT_BUNDLE_IDENTIFIER = com.Solvedge.SampleTests;
				PRODUCT_NAME = "$(TARGET_NAME)";
				TEST_HOST = "$(BUILT_PRODUCTS_DIR)/Sample.app/Sample";
			};
			name = Release;
		};
/* End XCBuildConfiguration section */

/* Begin XCConfigurationList section */
		2FCA47B71D5C47FB00ED7A36 /* Build configuration list for PBXProject "Sample" */ = {
			isa = XCConfigurationList;
			buildConfigurations = (
				2FCA47DC1D5C47FB00ED7A36 /* Debug */,
				2FCA47DD1D5C47FB00ED7A36 /* Release */,
			);
			defaultConfigurationIsVisible = 0;
			defaultConfigurationName = Release;
		};
		2FCA47DE1D5C47FB00ED7A36 /* Build configuration list for PBXNativeTarget "Sample" */ = {
			isa = XCConfigurationList;
			buildConfigurations = (
				2FCA47DF1D5C47FB00ED7A36 /* Debug */,
				2FCA47E01D5C47FB00ED7A36 /* Release */,
			);
			defaultConfigurationIsVisible = 0;
			defaultConfigurationName = Release;
		};
		2FCA47E11D5C47FB00ED7A36 /* Build configuration list for PBXNativeTarget "SampleTests" */ = {
			isa = XCConfigurationList;
			buildConfigurations = (
				2FCA47E21D5C47FB00ED7A36 /* Debug */,
				2FCA47E31D5C47FB00ED7A36 /* Release */,
			);
			defaultConfigurationIsVisible = 0;
			defaultConfigurationName = Release;
		};
/* End XCConfigurationList section */
	};
	rootObject = 2FCA47B41D5C47FB00ED7A36 /* Project object */;
}
