// !$*UTF8*$!
{
	archiveVersion = 1;
	classes = {
	};
	objectVersion = 46;
	objects = {

/* Begin PBXBuildFile section */
		2F0976751D62F8CC0069E8F5 /* libsqlite3.tbd in Frameworks */ = {isa = PBXBuildFile; fileRef = 2F1E9B841D5CAF4600857B79 /* libsqlite3.tbd */; };
		2F20DE1E1D6B122C00D4C88F /* Books.sqlite in Resources */ = {isa = PBXBuildFile; fileRef = 2F20DE1C1D6B122C00D4C88F /* Books.sqlite */; };
		2F20DE241D6B124500D4C88F /* ViewController.m in Sources */ = {isa = PBXBuildFile; fileRef = 2F20DE211D6B124500D4C88F /* ViewController.m */; };
		2F20DE251D6B124500D4C88F /* Book.m in Sources */ = {isa = PBXBuildFile; fileRef = 2F20DE231D6B124500D4C88F /* Book.m */; };
		2F20DE271D6B1A9200D4C88F /* Read.xml in Resources */ = {isa = PBXBuildFile; fileRef = 2F20DE261D6B1A9200D4C88F /* Read.xml */; };
		2F2A9F501D6AC28300D6BCAD /* Main.storyboard in Resources */ = {isa = PBXBuildFile; fileRef = 2F2A9F4F1D6AC28300D6BCAD /* Main.storyboard */; };
		2F3E8D981D6C358C00937489 /* MapKit.framework in Frameworks */ = {isa = PBXBuildFile; fileRef = 2F3E8D971D6C358C00937489 /* MapKit.framework */; };
		2F3E8DA01D6C397000937489 /* CoreLocation.framework in Frameworks */ = {isa = PBXBuildFile; fileRef = 2F3E8D9F1D6C397000937489 /* CoreLocation.framework */; };
		2F3E8DA21D6C459200937489 /* MobileCoreServices.framework in Frameworks */ = {isa = PBXBuildFile; fileRef = 2F3E8DA11D6C459200937489 /* MobileCoreServices.framework */; };
		2F3E8DA41D6C57C200937489 /* user.jpg in Resources */ = {isa = PBXBuildFile; fileRef = 2F3E8DA31D6C57C200937489 /* user.jpg */; };
		2F629E061D7011F30080527C /* Books.xml in Resources */ = {isa = PBXBuildFile; fileRef = 2F629E051D7011F30080527C /* Books.xml */; };
		2F629E281D704B550080527C /* New.xml in Resources */ = {isa = PBXBuildFile; fileRef = 2F629E271D704B550080527C /* New.xml */; };
		2F629E361D704C750080527C /* FMDatabase.m in Sources */ = {isa = PBXBuildFile; fileRef = 2F629E2A1D704C750080527C /* FMDatabase.m */; };
		2F629E371D704C750080527C /* FMDatabaseAdditions.m in Sources */ = {isa = PBXBuildFile; fileRef = 2F629E2C1D704C750080527C /* FMDatabaseAdditions.m */; };
		2F629E381D704C750080527C /* FMDatabasePool.m in Sources */ = {isa = PBXBuildFile; fileRef = 2F629E2E1D704C750080527C /* FMDatabasePool.m */; };
		2F629E391D704C750080527C /* FMDatabaseQueue.m in Sources */ = {isa = PBXBuildFile; fileRef = 2F629E301D704C750080527C /* FMDatabaseQueue.m */; };
		2F629E3B1D704C750080527C /* FMResultSet.m in Sources */ = {isa = PBXBuildFile; fileRef = 2F629E331D704C750080527C /* FMResultSet.m */; };
		2F629E3C1D704C750080527C /* SQLiteManager.m in Sources */ = {isa = PBXBuildFile; fileRef = 2F629E351D704C750080527C /* SQLiteManager.m */; };
		2F629E471D704CA10080527C /* XMLReader.m in Sources */ = {isa = PBXBuildFile; fileRef = 2F629E441D704CA10080527C /* XMLReader.m */; };
		2F629E481D704CA10080527C /* XMLWriter.m in Sources */ = {isa = PBXBuildFile; fileRef = 2F629E461D704CA10080527C /* XMLWriter.m */; };
		2F629E5C1D704E580080527C /* AFHTTPClient.m in Sources */ = {isa = PBXBuildFile; fileRef = 2F629E4C1D704E570080527C /* AFHTTPClient.m */; };
		2F629E5D1D704E580080527C /* AFHTTPRequestOperation.m in Sources */ = {isa = PBXBuildFile; fileRef = 2F629E4E1D704E570080527C /* AFHTTPRequestOperation.m */; };
		2F629E5E1D704E580080527C /* AFImageRequestOperation.m in Sources */ = {isa = PBXBuildFile; fileRef = 2F629E501D704E570080527C /* AFImageRequestOperation.m */; };
		2F629E5F1D704E580080527C /* AFJSONRequestOperation.m in Sources */ = {isa = PBXBuildFile; fileRef = 2F629E521D704E570080527C /* AFJSONRequestOperation.m */; };
		2F629E601D704E580080527C /* AFNetworkActivityIndicatorManager.m in Sources */ = {isa = PBXBuildFile; fileRef = 2F629E541D704E580080527C /* AFNetworkActivityIndicatorManager.m */; };
		2F629E611D704E580080527C /* AFPropertyListRequestOperation.m in Sources */ = {isa = PBXBuildFile; fileRef = 2F629E571D704E580080527C /* AFPropertyListRequestOperation.m */; };
		2F629E621D704E580080527C /* AFURLConnectionOperation.m in Sources */ = {isa = PBXBuildFile; fileRef = 2F629E591D704E580080527C /* AFURLConnectionOperation.m */; };
		2F629E631D704E580080527C /* AFXMLRequestOperation.m in Sources */ = {isa = PBXBuildFile; fileRef = 2F629E5B1D704E580080527C /* AFXMLRequestOperation.m */; };
		2F629EDA1D7064DF0080527C /* libZipArchive-ios.a in Frameworks */ = {isa = PBXBuildFile; fileRef = 2F629ED91D7064DF0080527C /* libZipArchive-ios.a */; };
		2F629EDD1D70671C0080527C /* ZipManager.m in Sources */ = {isa = PBXBuildFile; fileRef = 2F629EDC1D70671C0080527C /* ZipManager.m */; };
		2F629EDF1D706D4B0080527C /* libz.tbd in Frameworks */ = {isa = PBXBuildFile; fileRef = 2F629EDE1D706D4B0080527C /* libz.tbd */; };
		2FC864811D6DACD400F37DB3 /* Foundation.framework in Frameworks */ = {isa = PBXBuildFile; fileRef = 2FC864801D6DACD400F37DB3 /* Foundation.framework */; };
		2FC864831D6DACDD00F37DB3 /* CoreFoundation.framework in Frameworks */ = {isa = PBXBuildFile; fileRef = 2FC864821D6DACDD00F37DB3 /* CoreFoundation.framework */; };
		2FCA47C11D5C47FB00ED7A36 /* main.m in Sources */ = {isa = PBXBuildFile; fileRef = 2FCA47C01D5C47FB00ED7A36 /* main.m */; };
		2FCA47C41D5C47FB00ED7A36 /* AppDelegate.m in Sources */ = {isa = PBXBuildFile; fileRef = 2FCA47C31D5C47FB00ED7A36 /* AppDelegate.m */; };
		2FCA47CC1D5C47FB00ED7A36 /* Assets.xcassets in Resources */ = {isa = PBXBuildFile; fileRef = 2FCA47CB1D5C47FB00ED7A36 /* Assets.xcassets */; };
		2FCA47CF1D5C47FB00ED7A36 /* LaunchScreen.storyboard in Resources */ = {isa = PBXBuildFile; fileRef = 2FCA47CD1D5C47FB00ED7A36 /* LaunchScreen.storyboard */; };
		2FCA47DA1D5C47FB00ED7A36 /* SampleTests.m in Sources */ = {isa = PBXBuildFile; fileRef = 2FCA47D91D5C47FB00ED7A36 /* SampleTests.m */; };
/* End PBXBuildFile section */

/* Begin PBXContainerItemProxy section */
		2FCA47D61D5C47FB00ED7A36 /* PBXContainerItemProxy */ = {
			isa = PBXContainerItemProxy;
			containerPortal = 2FCA47B41D5C47FB00ED7A36 /* Project object */;
			proxyType = 1;
			remoteGlobalIDString = 2FCA47BB1D5C47FB00ED7A36;
			remoteInfo = Sample;
		};
/* End PBXContainerItemProxy section */

/* Begin PBXFileReference section */
		2F1E9B841D5CAF4600857B79 /* libsqlite3.tbd */ = {isa = PBXFileReference; lastKnownFileType = "sourcecode.text-based-dylib-definition"; name = libsqlite3.tbd; path = usr/lib/libsqlite3.tbd; sourceTree = SDKROOT; };
		2F20DE1C1D6B122C00D4C88F /* Books.sqlite */ = {isa = PBXFileReference; lastKnownFileType = file; path = Books.sqlite; sourceTree = "<group>"; };
		2F20DE201D6B124500D4C88F /* ViewController.h */ = {isa = PBXFileReference; fileEncoding = 4; lastKnownFileType = sourcecode.c.h; path = ViewController.h; sourceTree = "<group>"; };
		2F20DE211D6B124500D4C88F /* ViewController.m */ = {isa = PBXFileReference; fileEncoding = 4; lastKnownFileType = sourcecode.c.objc; path = ViewController.m; sourceTree = "<group>"; };
		2F20DE221D6B124500D4C88F /* Book.h */ = {isa = PBXFileReference; fileEncoding = 4; lastKnownFileType = sourcecode.c.h; path = Book.h; sourceTree = "<group>"; };
		2F20DE231D6B124500D4C88F /* Book.m */ = {isa = PBXFileReference; fileEncoding = 4; lastKnownFileType = sourcecode.c.objc; path = Book.m; sourceTree = "<group>"; };
		2F20DE261D6B1A9200D4C88F /* Read.xml */ = {isa = PBXFileReference; fileEncoding = 4; lastKnownFileType = text.xml; path = Read.xml; sourceTree = "<group>"; };
		2F2A9F4F1D6AC28300D6BCAD /* Main.storyboard */ = {isa = PBXFileReference; fileEncoding = 4; lastKnownFileType = file.storyboard; path = Main.storyboard; sourceTree = "<group>"; };
		2F3E8D971D6C358C00937489 /* MapKit.framework */ = {isa = PBXFileReference; lastKnownFileType = wrapper.framework; name = MapKit.framework; path = System/Library/Frameworks/MapKit.framework; sourceTree = SDKROOT; };
		2F3E8D9F1D6C397000937489 /* CoreLocation.framework */ = {isa = PBXFileReference; lastKnownFileType = wrapper.framework; name = CoreLocation.framework; path = System/Library/Frameworks/CoreLocation.framework; sourceTree = SDKROOT; };
		2F3E8DA11D6C459200937489 /* MobileCoreServices.framework */ = {isa = PBXFileReference; lastKnownFileType = wrapper.framework; name = MobileCoreServices.framework; path = System/Library/Frameworks/MobileCoreServices.framework; sourceTree = SDKROOT; };
		2F3E8DA31D6C57C200937489 /* user.jpg */ = {isa = PBXFileReference; lastKnownFileType = image.jpeg; path = user.jpg; sourceTree = "<group>"; };
		2F629E051D7011F30080527C /* Books.xml */ = {isa = PBXFileReference; fileEncoding = 4; lastKnownFileType = text.xml; path = Books.xml; sourceTree = "<group>"; };
		2F629E271D704B550080527C /* New.xml */ = {isa = PBXFileReference; fileEncoding = 4; lastKnownFileType = text.xml; path = New.xml; sourceTree = "<group>"; };
		2F629E291D704C750080527C /* FMDatabase.h */ = {isa = PBXFileReference; fileEncoding = 4; lastKnownFileType = sourcecode.c.h; path = FMDatabase.h; sourceTree = "<group>"; };
		2F629E2A1D704C750080527C /* FMDatabase.m */ = {isa = PBXFileReference; fileEncoding = 4; lastKnownFileType = sourcecode.c.objc; path = FMDatabase.m; sourceTree = "<group>"; };
		2F629E2B1D704C750080527C /* FMDatabaseAdditions.h */ = {isa = PBXFileReference; fileEncoding = 4; lastKnownFileType = sourcecode.c.h; path = FMDatabaseAdditions.h; sourceTree = "<group>"; };
		2F629E2C1D704C750080527C /* FMDatabaseAdditions.m */ = {isa = PBXFileReference; fileEncoding = 4; lastKnownFileType = sourcecode.c.objc; path = FMDatabaseAdditions.m; sourceTree = "<group>"; };
		2F629E2D1D704C750080527C /* FMDatabasePool.h */ = {isa = PBXFileReference; fileEncoding = 4; lastKnownFileType = sourcecode.c.h; path = FMDatabasePool.h; sourceTree = "<group>"; };
		2F629E2E1D704C750080527C /* FMDatabasePool.m */ = {isa = PBXFileReference; fileEncoding = 4; lastKnownFileType = sourcecode.c.objc; path = FMDatabasePool.m; sourceTree = "<group>"; };
		2F629E2F1D704C750080527C /* FMDatabaseQueue.h */ = {isa = PBXFileReference; fileEncoding = 4; lastKnownFileType = sourcecode.c.h; path = FMDatabaseQueue.h; sourceTree = "<group>"; };
		2F629E301D704C750080527C /* FMDatabaseQueue.m */ = {isa = PBXFileReference; fileEncoding = 4; lastKnownFileType = sourcecode.c.objc; path = FMDatabaseQueue.m; sourceTree = "<group>"; };
		2F629E311D704C750080527C /* fmdb.m */ = {isa = PBXFileReference; fileEncoding = 4; lastKnownFileType = sourcecode.c.objc; path = fmdb.m; sourceTree = "<group>"; };
		2F629E321D704C750080527C /* FMResultSet.h */ = {isa = PBXFileReference; fileEncoding = 4; lastKnownFileType = sourcecode.c.h; path = FMResultSet.h; sourceTree = "<group>"; };
		2F629E331D704C750080527C /* FMResultSet.m */ = {isa = PBXFileReference; fileEncoding = 4; lastKnownFileType = sourcecode.c.objc; path = FMResultSet.m; sourceTree = "<group>"; };
		2F629E341D704C750080527C /* SQLiteManager.h */ = {isa = PBXFileReference; fileEncoding = 4; lastKnownFileType = sourcecode.c.h; path = SQLiteManager.h; sourceTree = "<group>"; };
		2F629E351D704C750080527C /* SQLiteManager.m */ = {isa = PBXFileReference; fileEncoding = 4; lastKnownFileType = sourcecode.c.objc; path = SQLiteManager.m; sourceTree = "<group>"; };
		2F629E431D704CA10080527C /* XMLReader.h */ = {isa = PBXFileReference; fileEncoding = 4; lastKnownFileType = sourcecode.c.h; path = XMLReader.h; sourceTree = "<group>"; };
		2F629E441D704CA10080527C /* XMLReader.m */ = {isa = PBXFileReference; fileEncoding = 4; lastKnownFileType = sourcecode.c.objc; path = XMLReader.m; sourceTree = "<group>"; };
		2F629E451D704CA10080527C /* XMLWriter.h */ = {isa = PBXFileReference; fileEncoding = 4; lastKnownFileType = sourcecode.c.h; path = XMLWriter.h; sourceTree = "<group>"; };
		2F629E461D704CA10080527C /* XMLWriter.m */ = {isa = PBXFileReference; fileEncoding = 4; lastKnownFileType = sourcecode.c.objc; path = XMLWriter.m; sourceTree = "<group>"; };
		2F629E4B1D704E570080527C /* AFHTTPClient.h */ = {isa = PBXFileReference; fileEncoding = 4; lastKnownFileType = sourcecode.c.h; path = AFHTTPClient.h; sourceTree = "<group>"; };
		2F629E4C1D704E570080527C /* AFHTTPClient.m */ = {isa = PBXFileReference; fileEncoding = 4; lastKnownFileType = sourcecode.c.objc; path = AFHTTPClient.m; sourceTree = "<group>"; };
		2F629E4D1D704E570080527C /* AFHTTPRequestOperation.h */ = {isa = PBXFileReference; fileEncoding = 4; lastKnownFileType = sourcecode.c.h; path = AFHTTPRequestOperation.h; sourceTree = "<group>"; };
		2F629E4E1D704E570080527C /* AFHTTPRequestOperation.m */ = {isa = PBXFileReference; fileEncoding = 4; lastKnownFileType = sourcecode.c.objc; path = AFHTTPRequestOperation.m; sourceTree = "<group>"; };
		2F629E4F1D704E570080527C /* AFImageRequestOperation.h */ = {isa = PBXFileReference; fileEncoding = 4; lastKnownFileType = sourcecode.c.h; path = AFImageRequestOperation.h; sourceTree = "<group>"; };
		2F629E501D704E570080527C /* AFImageRequestOperation.m */ = {isa = PBXFileReference; fileEncoding = 4; lastKnownFileType = sourcecode.c.objc; path = AFImageRequestOperation.m; sourceTree = "<group>"; };
		2F629E511D704E570080527C /* AFJSONRequestOperation.h */ = {isa = PBXFileReference; fileEncoding = 4; lastKnownFileType = sourcecode.c.h; path = AFJSONRequestOperation.h; sourceTree = "<group>"; };
		2F629E521D704E570080527C /* AFJSONRequestOperation.m */ = {isa = PBXFileReference; fileEncoding = 4; lastKnownFileType = sourcecode.c.objc; path = AFJSONRequestOperation.m; sourceTree = "<group>"; };
		2F629E531D704E570080527C /* AFNetworkActivityIndicatorManager.h */ = {isa = PBXFileReference; fileEncoding = 4; lastKnownFileType = sourcecode.c.h; path = AFNetworkActivityIndicatorManager.h; sourceTree = "<group>"; };
		2F629E541D704E580080527C /* AFNetworkActivityIndicatorManager.m */ = {isa = PBXFileReference; fileEncoding = 4; lastKnownFileType = sourcecode.c.objc; path = AFNetworkActivityIndicatorManager.m; sourceTree = "<group>"; };
		2F629E551D704E580080527C /* AFNetworking.h */ = {isa = PBXFileReference; fileEncoding = 4; lastKnownFileType = sourcecode.c.h; path = AFNetworking.h; sourceTree = "<group>"; };
		2F629E561D704E580080527C /* AFPropertyListRequestOperation.h */ = {isa = PBXFileReference; fileEncoding = 4; lastKnownFileType = sourcecode.c.h; path = AFPropertyListRequestOperation.h; sourceTree = "<group>"; };
		2F629E571D704E580080527C /* AFPropertyListRequestOperation.m */ = {isa = PBXFileReference; fileEncoding = 4; lastKnownFileType = sourcecode.c.objc; path = AFPropertyListRequestOperation.m; sourceTree = "<group>"; };
		2F629E581D704E580080527C /* AFURLConnectionOperation.h */ = {isa = PBXFileReference; fileEncoding = 4; lastKnownFileType = sourcecode.c.h; path = AFURLConnectionOperation.h; sourceTree = "<group>"; };
		2F629E591D704E580080527C /* AFURLConnectionOperation.m */ = {isa = PBXFileReference; fileEncoding = 4; lastKnownFileType = sourcecode.c.objc; path = AFURLConnectionOperation.m; sourceTree = "<group>"; };
		2F629E5A1D704E580080527C /* AFXMLRequestOperation.h */ = {isa = PBXFileReference; fileEncoding = 4; lastKnownFileType = sourcecode.c.h; path = AFXMLRequestOperation.h; sourceTree = "<group>"; };
		2F629E5B1D704E580080527C /* AFXMLRequestOperation.m */ = {isa = PBXFileReference; fileEncoding = 4; lastKnownFileType = sourcecode.c.objc; path = AFXMLRequestOperation.m; sourceTree = "<group>"; };
		2F629ED81D7064DF0080527C /* ZipArchive.h */ = {isa = PBXFileReference; fileEncoding = 4; lastKnownFileType = sourcecode.c.h; path = ZipArchive.h; sourceTree = "<group>"; };
		2F629ED91D7064DF0080527C /* libZipArchive-ios.a */ = {isa = PBXFileReference; lastKnownFileType = archive.ar; path = "libZipArchive-ios.a"; sourceTree = "<group>"; };
		2F629EDB1D70671C0080527C /* ZipManager.h */ = {isa = PBXFileReference; fileEncoding = 4; lastKnownFileType = sourcecode.c.h; path = ZipManager.h; sourceTree = "<group>"; };
		2F629EDC1D70671C0080527C /* ZipManager.m */ = {isa = PBXFileReference; fileEncoding = 4; lastKnownFileType = sourcecode.c.objc; path = ZipManager.m; sourceTree = "<group>"; };
		2F629EDE1D706D4B0080527C /* libz.tbd */ = {isa = PBXFileReference; lastKnownFileType = "sourcecode.text-based-dylib-definition"; name = libz.tbd; path = usr/lib/libz.tbd; sourceTree = SDKROOT; };
		2FC864801D6DACD400F37DB3 /* Foundation.framework */ = {isa = PBXFileReference; lastKnownFileType = wrapper.framework; name = Foundation.framework; path = System/Library/Frameworks/Foundation.framework; sourceTree = SDKROOT; };
		2FC864821D6DACDD00F37DB3 /* CoreFoundation.framework */ = {isa = PBXFileReference; lastKnownFileType = wrapper.framework; name = CoreFoundation.framework; path = System/Library/Frameworks/CoreFoundation.framework; sourceTree = SDKROOT; };
		2FCA47BC1D5C47FB00ED7A36 /* Sample.app */ = {isa = PBXFileReference; explicitFileType = wrapper.application; includeInIndex = 0; path = Sample.app; sourceTree = BUILT_PRODUCTS_DIR; };
		2FCA47C01D5C47FB00ED7A36 /* main.m */ = {isa = PBXFileReference; lastKnownFileType = sourcecode.c.objc; path = main.m; sourceTree = "<group>"; };
		2FCA47C21D5C47FB00ED7A36 /* AppDelegate.h */ = {isa = PBXFileReference; lastKnownFileType = sourcecode.c.h; path = AppDelegate.h; sourceTree = "<group>"; };
		2FCA47C31D5C47FB00ED7A36 /* AppDelegate.m */ = {isa = PBXFileReference; lastKnownFileType = sourcecode.c.objc; path = AppDelegate.m; sourceTree = "<group>"; };
		2FCA47CB1D5C47FB00ED7A36 /* Assets.xcassets */ = {isa = PBXFileReference; lastKnownFileType = folder.assetcatalog; path = Assets.xcassets; sourceTree = "<group>"; };
		2FCA47CE1D5C47FB00ED7A36 /* Base */ = {isa = PBXFileReference; lastKnownFileType = file.storyboard; name = Base; path = Base.lproj/LaunchScreen.storyboard; sourceTree = "<group>"; };
		2FCA47D01D5C47FB00ED7A36 /* Info.plist */ = {isa = PBXFileReference; lastKnownFileType = text.plist.xml; path = Info.plist; sourceTree = "<group>"; };
		2FCA47D51D5C47FB00ED7A36 /* SampleTests.xctest */ = {isa = PBXFileReference; explicitFileType = wrapper.cfbundle; includeInIndex = 0; path = SampleTests.xctest; sourceTree = BUILT_PRODUCTS_DIR; };
		2FCA47D91D5C47FB00ED7A36 /* SampleTests.m */ = {isa = PBXFileReference; lastKnownFileType = sourcecode.c.objc; path = SampleTests.m; sourceTree = "<group>"; };
		2FCA47DB1D5C47FB00ED7A36 /* Info.plist */ = {isa = PBXFileReference; lastKnownFileType = text.plist.xml; path = Info.plist; sourceTree = "<group>"; };
/* End PBXFileReference section */

/* Begin PBXFrameworksBuildPhase section */
		2FCA47B91D5C47FB00ED7A36 /* Frameworks */ = {
			isa = PBXFrameworksBuildPhase;
			buildActionMask = 2147483647;
			files = (
				2FC864831D6DACDD00F37DB3 /* CoreFoundation.framework in Frameworks */,
				2FC864811D6DACD400F37DB3 /* Foundation.framework in Frameworks */,
				2F3E8DA21D6C459200937489 /* MobileCoreServices.framework in Frameworks */,
				2F3E8DA01D6C397000937489 /* CoreLocation.framework in Frameworks */,
				2F3E8D981D6C358C00937489 /* MapKit.framework in Frameworks */,
				2F629EDA1D7064DF0080527C /* libZipArchive-ios.a in Frameworks */,
				2F629EDF1D706D4B0080527C /* libz.tbd in Frameworks */,
				2F0976751D62F8CC0069E8F5 /* libsqlite3.tbd in Frameworks */,
			);
			runOnlyForDeploymentPostprocessing = 0;
		};
		2FCA47D21D5C47FB00ED7A36 /* Frameworks */ = {
			isa = PBXFrameworksBuildPhase;
			buildActionMask = 2147483647;
			files = (
			);
			runOnlyForDeploymentPostprocessing = 0;
		};
/* End PBXFrameworksBuildPhase section */

/* Begin PBXGroup section */
		2F1E9B6F1D5CAF2F00857B79 /* CoreLib */ = {
			isa = PBXGroup;
			children = (
				2F629E291D704C750080527C /* FMDatabase.h */,
				2F629E2A1D704C750080527C /* FMDatabase.m */,
				2F629E2B1D704C750080527C /* FMDatabaseAdditions.h */,
				2F629E2C1D704C750080527C /* FMDatabaseAdditions.m */,
				2F629E2D1D704C750080527C /* FMDatabasePool.h */,
				2F629E2E1D704C750080527C /* FMDatabasePool.m */,
				2F629E2F1D704C750080527C /* FMDatabaseQueue.h */,
				2F629E301D704C750080527C /* FMDatabaseQueue.m */,
				2F629E311D704C750080527C /* fmdb.m */,
				2F629E321D704C750080527C /* FMResultSet.h */,
				2F629E331D704C750080527C /* FMResultSet.m */,
				2F629E341D704C750080527C /* SQLiteManager.h */,
				2F629E351D704C750080527C /* SQLiteManager.m */,
			);
			path = CoreLib;
			sourceTree = "<group>";
		};
		2F1E9B901D5CB53800857B79 /* Xml Lib */ = {
			isa = PBXGroup;
			children = (
				2F629E431D704CA10080527C /* XMLReader.h */,
				2F629E441D704CA10080527C /* XMLReader.m */,
				2F629E451D704CA10080527C /* XMLWriter.h */,
				2F629E461D704CA10080527C /* XMLWriter.m */,
			);
			name = "Xml Lib";
			sourceTree = "<group>";
		};
		2F629E641D704E650080527C /* AFNetworking */ = {
			isa = PBXGroup;
			children = (
				2F629E4B1D704E570080527C /* AFHTTPClient.h */,
				2F629E4C1D704E570080527C /* AFHTTPClient.m */,
				2F629E4D1D704E570080527C /* AFHTTPRequestOperation.h */,
				2F629E4E1D704E570080527C /* AFHTTPRequestOperation.m */,
				2F629E4F1D704E570080527C /* AFImageRequestOperation.h */,
				2F629E501D704E570080527C /* AFImageRequestOperation.m */,
				2F629E511D704E570080527C /* AFJSONRequestOperation.h */,
				2F629E521D704E570080527C /* AFJSONRequestOperation.m */,
				2F629E531D704E570080527C /* AFNetworkActivityIndicatorManager.h */,
				2F629E541D704E580080527C /* AFNetworkActivityIndicatorManager.m */,
				2F629E551D704E580080527C /* AFNetworking.h */,
				2F629E561D704E580080527C /* AFPropertyListRequestOperation.h */,
				2F629E571D704E580080527C /* AFPropertyListRequestOperation.m */,
				2F629E581D704E580080527C /* AFURLConnectionOperation.h */,
				2F629E591D704E580080527C /* AFURLConnectionOperation.m */,
				2F629E5A1D704E580080527C /* AFXMLRequestOperation.h */,
				2F629E5B1D704E580080527C /* AFXMLRequestOperation.m */,
			);
			name = AFNetworking;
			sourceTree = "<group>";
		};
		2FC864841D6DACE700F37DB3 /* Frameworks */ = {
			isa = PBXGroup;
			children = (
				2F629EDE1D706D4B0080527C /* libz.tbd */,
				2F3E8DA11D6C459200937489 /* MobileCoreServices.framework */,
				2F3E8D9F1D6C397000937489 /* CoreLocation.framework */,
				2F3E8D971D6C358C00937489 /* MapKit.framework */,
				2FC864821D6DACDD00F37DB3 /* CoreFoundation.framework */,
				2FC864801D6DACD400F37DB3 /* Foundation.framework */,
			);
			name = Frameworks;
			sourceTree = "<group>";
		};
		2FCA47B31D5C47FB00ED7A36 = {
			isa = PBXGroup;
			children = (
				2F629ED81D7064DF0080527C /* ZipArchive.h */,
				2F629ED91D7064DF0080527C /* libZipArchive-ios.a */,
				2F1E9B841D5CAF4600857B79 /* libsqlite3.tbd */,
				2F20DE1C1D6B122C00D4C88F /* Books.sqlite */,
				2F629E051D7011F30080527C /* Books.xml */,
				2F20DE261D6B1A9200D4C88F /* Read.xml */,
				2F629E271D704B550080527C /* New.xml */,
				2F629E641D704E650080527C /* AFNetworking */,
				2F1E9B901D5CB53800857B79 /* Xml Lib */,
				2F1E9B6F1D5CAF2F00857B79 /* CoreLib */,
				2FCA47BE1D5C47FB00ED7A36 /* Sample */,
				2FCA47D81D5C47FB00ED7A36 /* SampleTests */,
				2FCA47BD1D5C47FB00ED7A36 /* Products */,
				2FC864841D6DACE700F37DB3 /* Frameworks */,
			);
			sourceTree = "<group>";
		};
		2FCA47BD1D5C47FB00ED7A36 /* Products */ = {
			isa = PBXGroup;
			children = (
				2FCA47BC1D5C47FB00ED7A36 /* Sample.app */,
				2FCA47D51D5C47FB00ED7A36 /* SampleTests.xctest */,
			);
			name = Products;
			sourceTree = "<group>";
		};
		2FCA47BE1D5C47FB00ED7A36 /* Sample */ = {
			isa = PBXGroup;
			children = (
				2FCA47C21D5C47FB00ED7A36 /* AppDelegate.h */,
				2FCA47C31D5C47FB00ED7A36 /* AppDelegate.m */,
				2F20DE201D6B124500D4C88F /* ViewController.h */,
				2F20DE211D6B124500D4C88F /* ViewController.m */,
				2F629EDB1D70671C0080527C /* ZipManager.h */,
				2F629EDC1D70671C0080527C /* ZipManager.m */,
				2F20DE221D6B124500D4C88F /* Book.h */,
				2F20DE231D6B124500D4C88F /* Book.m */,
				2F2A9F4F1D6AC28300D6BCAD /* Main.storyboard */,
				2FCA47CB1D5C47FB00ED7A36 /* Assets.xcassets */,
				2FCA47CD1D5C47FB00ED7A36 /* LaunchScreen.storyboard */,
				2FCA47D01D5C47FB00ED7A36 /* Info.plist */,
				2F3E8DA31D6C57C200937489 /* user.jpg */,
				2FCA47BF1D5C47FB00ED7A36 /* Supporting Files */,
			);
			path = Sample;
			sourceTree = "<group>";
		};
		2FCA47BF1D5C47FB00ED7A36 /* Supporting Files */ = {
			isa = PBXGroup;
			children = (
				2FCA47C01D5C47FB00ED7A36 /* main.m */,
			);
			name = "Supporting Files";
			sourceTree = "<group>";
		};
		2FCA47D81D5C47FB00ED7A36 /* SampleTests */ = {
			isa = PBXGroup;
			children = (
				2FCA47D91D5C47FB00ED7A36 /* SampleTests.m */,
				2FCA47DB1D5C47FB00ED7A36 /* Info.plist */,
			);
			path = SampleTests;
			sourceTree = "<group>";
		};
/* End PBXGroup section */

/* Begin PBXNativeTarget section */
		2FCA47BB1D5C47FB00ED7A36 /* Sample */ = {
			isa = PBXNativeTarget;
			buildConfigurationList = 2FCA47DE1D5C47FB00ED7A36 /* Build configuration list for PBXNativeTarget "Sample" */;
			buildPhases = (
				2FCA47B81D5C47FB00ED7A36 /* Sources */,
				2FCA47B91D5C47FB00ED7A36 /* Frameworks */,
				2FCA47BA1D5C47FB00ED7A36 /* Resources */,
			);
			buildRules = (
			);
			dependencies = (
			);
			name = Sample;
			productName = Sample;
			productReference = 2FCA47BC1D5C47FB00ED7A36 /* Sample.app */;
			productType = "com.apple.product-type.application";
		};
		2FCA47D41D5C47FB00ED7A36 /* SampleTests */ = {
			isa = PBXNativeTarget;
			buildConfigurationList = 2FCA47E11D5C47FB00ED7A36 /* Build configuration list for PBXNativeTarget "SampleTests" */;
			buildPhases = (
				2FCA47D11D5C47FB00ED7A36 /* Sources */,
				2FCA47D21D5C47FB00ED7A36 /* Frameworks */,
				2FCA47D31D5C47FB00ED7A36 /* Resources */,
			);
			buildRules = (
			);
			dependencies = (
				2FCA47D71D5C47FB00ED7A36 /* PBXTargetDependency */,
			);
			name = SampleTests;
			productName = SampleTests;
			productReference = 2FCA47D51D5C47FB00ED7A36 /* SampleTests.xctest */;
			productType = "com.apple.product-type.bundle.unit-test";
		};
/* End PBXNativeTarget section */

/* Begin PBXProject section */
		2FCA47B41D5C47FB00ED7A36 /* Project object */ = {
			isa = PBXProject;
			attributes = {
				LastUpgradeCheck = 0730;
				ORGANIZATIONNAME = vignesh;
				TargetAttributes = {
					2FCA47BB1D5C47FB00ED7A36 = {
						CreatedOnToolsVersion = 7.3;
					};
					2FCA47D41D5C47FB00ED7A36 = {
						CreatedOnToolsVersion = 7.3;
						TestTargetID = 2FCA47BB1D5C47FB00ED7A36;
					};
				};
			};
			buildConfigurationList = 2FCA47B71D5C47FB00ED7A36 /* Build configuration list for PBXProject "Sample" */;
			compatibilityVersion = "Xcode 3.2";
			developmentRegion = English;
			hasScannedForEncodings = 0;
			knownRegions = (
				en,
				Base,
			);
			mainGroup = 2FCA47B31D5C47FB00ED7A36;
			productRefGroup = 2FCA47BD1D5C47FB00ED7A36 /* Products */;
			projectDirPath = "";
			projectRoot = "";
			targets = (
				2FCA47BB1D5C47FB00ED7A36 /* Sample */,
				2FCA47D41D5C47FB00ED7A36 /* SampleTests */,
			);
		};
/* End PBXProject section */

/* Begin PBXResourcesBuildPhase section */
		2FCA47BA1D5C47FB00ED7A36 /* Resources */ = {
			isa = PBXResourcesBuildPhase;
			buildActionMask = 2147483647;
			files = (
				2F629E281D704B550080527C /* New.xml in Resources */,
				2F2A9F501D6AC28300D6BCAD /* Main.storyboard in Resources */,
				2F629E061D7011F30080527C /* Books.xml in Resources */,
				2F3E8DA41D6C57C200937489 /* user.jpg in Resources */,
				2FCA47CF1D5C47FB00ED7A36 /* LaunchScreen.storyboard in Resources */,
				2F20DE1E1D6B122C00D4C88F /* Books.sqlite in Resources */,
				2F20DE271D6B1A9200D4C88F /* Read.xml in Resources */,
				2FCA47CC1D5C47FB00ED7A36 /* Assets.xcassets in Resources */,
			);
			runOnlyForDeploymentPostprocessing = 0;
		};
		2FCA47D31D5C47FB00ED7A36 /* Resources */ = {
			isa = PBXResourcesBuildPhase;
			buildActionMask = 2147483647;
			files = (
			);
			runOnlyForDeploymentPostprocessing = 0;
		};
/* End PBXResourcesBuildPhase section */

/* Begin PBXSourcesBuildPhase section */
		2FCA47B81D5C47FB00ED7A36 /* Sources */ = {
			isa = PBXSourcesBuildPhase;
			buildActionMask = 2147483647;
			files = (
				2F629E5E1D704E580080527C /* AFImageRequestOperation.m in Sources */,
				2F629E5D1D704E580080527C /* AFHTTPRequestOperation.m in Sources */,
				2F629E361D704C750080527C /* FMDatabase.m in Sources */,
				2FCA47C41D5C47FB00ED7A36 /* AppDelegate.m in Sources */,
				2F629E631D704E580080527C /* AFXMLRequestOperation.m in Sources */,
				2F629E601D704E580080527C /* AFNetworkActivityIndicatorManager.m in Sources */,
				2F20DE251D6B124500D4C88F /* Book.m in Sources */,
				2F629E611D704E580080527C /* AFPropertyListRequestOperation.m in Sources */,
				2F629E481D704CA10080527C /* XMLWriter.m in Sources */,
				2F20DE241D6B124500D4C88F /* ViewController.m in Sources */,
				2FCA47C11D5C47FB00ED7A36 /* main.m in Sources */,
				2F629E621D704E580080527C /* AFURLConnectionOperation.m in Sources */,
				2F629E471D704CA10080527C /* XMLReader.m in Sources */,
				2F629E371D704C750080527C /* FMDatabaseAdditions.m in Sources */,
				2F629E5C1D704E580080527C /* AFHTTPClient.m in Sources */,
				2F629E3B1D704C750080527C /* FMResultSet.m in Sources */,
				2F629E391D704C750080527C /* FMDatabaseQueue.m in Sources */,
				2F629E381D704C750080527C /* FMDatabasePool.m in Sources */,
				2F629E5F1D704E580080527C /* AFJSONRequestOperation.m in Sources */,
				2F629E3C1D704C750080527C /* SQLiteManager.m in Sources */,
				2F629EDD1D70671C0080527C /* ZipManager.m in Sources */,
			);
			runOnlyForDeploymentPostprocessing = 0;
		};
		2FCA47D11D5C47FB00ED7A36 /* Sources */ = {
			isa = PBXSourcesBuildPhase;
			buildActionMask = 2147483647;
			files = (
				2FCA47DA1D5C47FB00ED7A36 /* SampleTests.m in Sources */,
			);
			runOnlyForDeploymentPostprocessing = 0;
		};
/* End PBXSourcesBuildPhase section */

/* Begin PBXTargetDependency section */
		2FCA47D71D5C47FB00ED7A36 /* PBXTargetDependency */ = {
			isa = PBXTargetDependency;
			target = 2FCA47BB1D5C47FB00ED7A36 /* Sample */;
			targetProxy = 2FCA47D61D5C47FB00ED7A36 /* PBXContainerItemProxy */;
		};
/* End PBXTargetDependency section */

/* Begin PBXVariantGroup section */
		2FCA47CD1D5C47FB00ED7A36 /* LaunchScreen.storyboard */ = {
			isa = PBXVariantGroup;
			children = (
				2FCA47CE1D5C47FB00ED7A36 /* Base */,
			);
			name = LaunchScreen.storyboard;
			sourceTree = "<group>";
		};
/* End PBXVariantGroup section */

/* Begin XCBuildConfiguration section */
		2FCA47DC1D5C47FB00ED7A36 /* Debug */ = {
			isa = XCBuildConfiguration;
			buildSettings = {
				ALWAYS_SEARCH_USER_PATHS = NO;
				CLANG_ANALYZER_NONNULL = YES;
				CLANG_CXX_LANGUAGE_STANDARD = "gnu++0x";
				CLANG_CXX_LIBRARY = "libc++";
				CLANG_ENABLE_MODULES = YES;
				CLANG_ENABLE_OBJC_ARC = YES;
				CLANG_WARN_BOOL_CONVERSION = YES;
				CLANG_WARN_CONSTANT_CONVERSION = YES;
				CLANG_WARN_DIRECT_OBJC_ISA_USAGE = YES_ERROR;
				CLANG_WARN_EMPTY_BODY = YES;
				CLANG_WARN_ENUM_CONVERSION = YES;
				CLANG_WARN_INT_CONVERSION = YES;
				CLANG_WARN_OBJC_ROOT_CLASS = YES_ERROR;
				CLANG_WARN_UNREACHABLE_CODE = YES;
				CLANG_WARN__DUPLICATE_METHOD_MATCH = YES;
				"CODE_SIGN_IDENTITY[sdk=iphoneos*]" = "iPhone Developer";
				COPY_PHASE_STRIP = NO;
				DEBUG_INFORMATION_FORMAT = dwarf;
				ENABLE_STRICT_OBJC_MSGSEND = YES;
				ENABLE_TESTABILITY = YES;
				GCC_C_LANGUAGE_STANDARD = gnu99;
				GCC_DYNAMIC_NO_PIC = NO;
				GCC_NO_COMMON_BLOCKS = YES;
				GCC_OPTIMIZATION_LEVEL = 0;
				GCC_PREPROCESSOR_DEFINITIONS = (
					"DEBUG=1",
					"$(inherited)",
				);
				GCC_WARN_64_TO_32_BIT_CONVERSION = YES;
				GCC_WARN_ABOUT_RETURN_TYPE = YES_ERROR;
				GCC_WARN_UNDECLARED_SELECTOR = YES;
				GCC_WARN_UNINITIALIZED_AUTOS = YES_AGGRESSIVE;
				GCC_WARN_UNUSED_FUNCTION = YES;
				GCC_WARN_UNUSED_VARIABLE = YES;
				IPHONEOS_DEPLOYMENT_TARGET = 9.3;
				MTL_ENABLE_DEBUG_INFO = YES;
				ONLY_ACTIVE_ARCH = YES;
				SDKROOT = iphoneos;
			};
			name = Debug;
		};
		2FCA47DD1D5C47FB00ED7A36 /* Release */ = {
			isa = XCBuildConfiguration;
			buildSettings = {
				ALWAYS_SEARCH_USER_PATHS = NO;
				CLANG_ANALYZER_NONNULL = YES;
				CLANG_CXX_LANGUAGE_STANDARD = "gnu++0x";
				CLANG_CXX_LIBRARY = "libc++";
				CLANG_ENABLE_MODULES = YES;
				CLANG_ENABLE_OBJC_ARC = YES;
				CLANG_WARN_BOOL_CONVERSION = YES;
				CLANG_WARN_CONSTANT_CONVERSION = YES;
				CLANG_WARN_DIRECT_OBJC_ISA_USAGE = YES_ERROR;
				CLANG_WARN_EMPTY_BODY = YES;
				CLANG_WARN_ENUM_CONVERSION = YES;
				CLANG_WARN_INT_CONVERSION = YES;
				CLANG_WARN_OBJC_ROOT_CLASS = YES_ERROR;
				CLANG_WARN_UNREACHABLE_CODE = YES;
				CLANG_WARN__DUPLICATE_METHOD_MATCH = YES;
				"CODE_SIGN_IDENTITY[sdk=iphoneos*]" = "iPhone Developer";
				COPY_PHASE_STRIP = NO;
				DEBUG_INFORMATION_FORMAT = "dwarf-with-dsym";
				ENABLE_NS_ASSERTIONS = NO;
				ENABLE_STRICT_OBJC_MSGSEND = YES;
				GCC_C_LANGUAGE_STANDARD = gnu99;
				GCC_NO_COMMON_BLOCKS = YES;
				GCC_WARN_64_TO_32_BIT_CONVERSION = YES;
				GCC_WARN_ABOUT_RETURN_TYPE = YES_ERROR;
				GCC_WARN_UNDECLARED_SELECTOR = YES;
				GCC_WARN_UNINITIALIZED_AUTOS = YES_AGGRESSIVE;
				GCC_WARN_UNUSED_FUNCTION = YES;
				GCC_WARN_UNUSED_VARIABLE = YES;
				IPHONEOS_DEPLOYMENT_TARGET = 9.3;
				MTL_ENABLE_DEBUG_INFO = NO;
				SDKROOT = iphoneos;
				VALIDATE_PRODUCT = YES;
			};
			name = Release;
		};
		2FCA47DF1D5C47FB00ED7A36 /* Debug */ = {
			isa = XCBuildConfiguration;
			buildSettings = {
				ASSETCATALOG_COMPILER_APPICON_NAME = AppIcon;
				INFOPLIST_FILE = Sample/Info.plist;
				LD_RUNPATH_SEARCH_PATHS = "$(inherited) @executable_path/Frameworks";
				LIBRARY_SEARCH_PATHS = (
					"$(inherited)",
					"$(PROJECT_DIR)",
				);
				PRODUCT_BUNDLE_IDENTIFIER = com.Solvedge.Sample;
				PRODUCT_NAME = "$(TARGET_NAME)";
			};
			name = Debug;
		};
		2FCA47E01D5C47FB00ED7A36 /* Release */ = {
			isa = XCBuildConfiguration;
			buildSettings = {
				ASSETCATALOG_COMPILER_APPICON_NAME = AppIcon;
				INFOPLIST_FILE = Sample/Info.plist;
				LD_RUNPATH_SEARCH_PATHS = "$(inherited) @executable_path/Frameworks";
				LIBRARY_SEARCH_PATHS = (
					"$(inherited)",
					"$(PROJECT_DIR)",
				);
				PRODUCT_BUNDLE_IDENTIFIER = com.Solvedge.Sample;
				PRODUCT_NAME = "$(TARGET_NAME)";
			};
			name = Release;
		};
		2FCA47E21D5C47FB00ED7A36 /* Debug */ = {
			isa = XCBuildConfiguration;
			buildSettings = {
				BUNDLE_LOADER = "$(TEST_HOST)";
				INFOPLIST_FILE = SampleTests/Info.plist;
				LD_RUNPATH_SEARCH_PATHS = "$(inherited) @executable_path/Frameworks @loader_path/Frameworks";
				PRODUCT_BUNDLE_IDENTIFIER = com.Solvedge.SampleTests;
				PRODUCT_NAME = "$(TARGET_NAME)";
				TEST_HOST = "$(BUILT_PRODUCTS_DIR)/Sample.app/Sample";
			};
			name = Debug;
		};
		2FCA47E31D5C47FB00ED7A36 /* Release */ = {
			isa = XCBuildConfiguration;
			buildSettings = {
				BUNDLE_LOADER = "$(TEST_HOST)";
				INFOPLIST_FILE = SampleTests/Info.plist;
				LD_RUNPATH_SEARCH_PATHS = "$(inherited) @executable_path/Frameworks @loader_path/Frameworks";
				PRODUCT_BUNDLE_IDENTIFIER = com.Solvedge.SampleTests;
				PRODUCT_NAME = "$(TARGET_NAME)";
				TEST_HOST = "$(BUILT_PRODUCTS_DIR)/Sample.app/Sample";
			};
			name = Release;
		};
/* End XCBuildConfiguration section */

/* Begin XCConfigurationList section */
		2FCA47B71D5C47FB00ED7A36 /* Build configuration list for PBXProject "Sample" */ = {
			isa = XCConfigurationList;
			buildConfigurations = (
				2FCA47DC1D5C47FB00ED7A36 /* Debug */,
				2FCA47DD1D5C47FB00ED7A36 /* Release */,
			);
			defaultConfigurationIsVisible = 0;
			defaultConfigurationName = Release;
		};
		2FCA47DE1D5C47FB00ED7A36 /* Build configuration list for PBXNativeTarget "Sample" */ = {
			isa = XCConfigurationList;
			buildConfigurations = (
				2FCA47DF1D5C47FB00ED7A36 /* Debug */,
				2FCA47E01D5C47FB00ED7A36 /* Release */,
			);
			defaultConfigurationIsVisible = 0;
			defaultConfigurationName = Release;
		};
		2FCA47E11D5C47FB00ED7A36 /* Build configuration list for PBXNativeTarget "SampleTests" */ = {
			isa = XCConfigurationList;
			buildConfigurations = (
				2FCA47E21D5C47FB00ED7A36 /* Debug */,
				2FCA47E31D5C47FB00ED7A36 /* Release */,
			);
			defaultConfigurationIsVisible = 0;
			defaultConfigurationName = Release;
		};
/* End XCConfigurationList section */
	};
	rootObject = 2FCA47B41D5C47FB00ED7A36 /* Project object */;
}
